// !$*UTF8*$!
{
	archiveVersion = 1;
	classes = {
	};
	objectVersion = 50;
	objects = {

/* Begin PBXBuildFile section */
		1FCD76312127F749000617E1 /* RWTBaseEffect.m in Sources */ = {isa = PBXBuildFile; fileRef = 1FCD762D2127F748000617E1 /* RWTBaseEffect.m */; };
		1FCD76322127F749000617E1 /* RWTSimpleVertex.glsl in Resources */ = {isa = PBXBuildFile; fileRef = 1FCD762E2127F748000617E1 /* RWTSimpleVertex.glsl */; };
		1FCD76332127F749000617E1 /* RWTSimpleFragment.glsl in Resources */ = {isa = PBXBuildFile; fileRef = 1FCD76302127F748000617E1 /* RWTSimpleFragment.glsl */; };
		84FD23362126CA4A00AE4CAF /* AppDelegate.m in Sources */ = {isa = PBXBuildFile; fileRef = 84FD23352126CA4A00AE4CAF /* AppDelegate.m */; };
		84FD23392126CA4A00AE4CAF /* ViewController.m in Sources */ = {isa = PBXBuildFile; fileRef = 84FD23382126CA4A00AE4CAF /* ViewController.m */; };
		84FD233C2126CA4A00AE4CAF /* Main.storyboard in Resources */ = {isa = PBXBuildFile; fileRef = 84FD233A2126CA4A00AE4CAF /* Main.storyboard */; };
		84FD233E2126CA5100AE4CAF /* Assets.xcassets in Resources */ = {isa = PBXBuildFile; fileRef = 84FD233D2126CA5100AE4CAF /* Assets.xcassets */; };
		84FD23412126CA5100AE4CAF /* LaunchScreen.storyboard in Resources */ = {isa = PBXBuildFile; fileRef = 84FD233F2126CA5100AE4CAF /* LaunchScreen.storyboard */; };
		84FD23442126CA5100AE4CAF /* main.m in Sources */ = {isa = PBXBuildFile; fileRef = 84FD23432126CA5100AE4CAF /* main.m */; };
		84FD234D2126CA7F00AE4CAF /* GLKit.framework in Frameworks */ = {isa = PBXBuildFile; fileRef = 84FD234B2126CA7F00AE4CAF /* GLKit.framework */; };
		84FD234E2126CA7F00AE4CAF /* OpenGLES.framework in Frameworks */ = {isa = PBXBuildFile; fileRef = 84FD234C2126CA7F00AE4CAF /* OpenGLES.framework */; };
		84FD23572126CB8B00AE4CAF /* AppDelegate.m in Sources */ = {isa = PBXBuildFile; fileRef = 84FD23562126CB8B00AE4CAF /* AppDelegate.m */; };
		84FD235A2126CB8B00AE4CAF /* ViewController.m in Sources */ = {isa = PBXBuildFile; fileRef = 84FD23592126CB8B00AE4CAF /* ViewController.m */; };
		84FD235D2126CB8B00AE4CAF /* Main.storyboard in Resources */ = {isa = PBXBuildFile; fileRef = 84FD235B2126CB8B00AE4CAF /* Main.storyboard */; };
		84FD235F2126CB8F00AE4CAF /* Assets.xcassets in Resources */ = {isa = PBXBuildFile; fileRef = 84FD235E2126CB8F00AE4CAF /* Assets.xcassets */; };
		84FD23622126CB8F00AE4CAF /* LaunchScreen.storyboard in Resources */ = {isa = PBXBuildFile; fileRef = 84FD23602126CB8F00AE4CAF /* LaunchScreen.storyboard */; };
		84FD23652126CB8F00AE4CAF /* main.m in Sources */ = {isa = PBXBuildFile; fileRef = 84FD23642126CB8F00AE4CAF /* main.m */; };
		84FD23692126CBB900AE4CAF /* GLKit.framework in Frameworks */ = {isa = PBXBuildFile; fileRef = 84FD234B2126CA7F00AE4CAF /* GLKit.framework */; };
		84FD236A2126CBBB00AE4CAF /* OpenGLES.framework in Frameworks */ = {isa = PBXBuildFile; fileRef = 84FD234C2126CA7F00AE4CAF /* OpenGLES.framework */; };
/* End PBXBuildFile section */

/* Begin PBXFileReference section */
		1FCD762D2127F748000617E1 /* RWTBaseEffect.m */ = {isa = PBXFileReference; fileEncoding = 4; lastKnownFileType = sourcecode.c.objc; path = RWTBaseEffect.m; sourceTree = "<group>"; };
		1FCD762E2127F748000617E1 /* RWTSimpleVertex.glsl */ = {isa = PBXFileReference; fileEncoding = 4; lastKnownFileType = text; path = RWTSimpleVertex.glsl; sourceTree = "<group>"; };
		1FCD762F2127F748000617E1 /* RWTBaseEffect.h */ = {isa = PBXFileReference; fileEncoding = 4; lastKnownFileType = sourcecode.c.h; path = RWTBaseEffect.h; sourceTree = "<group>"; };
		1FCD76302127F748000617E1 /* RWTSimpleFragment.glsl */ = {isa = PBXFileReference; fileEncoding = 4; lastKnownFileType = text; path = RWTSimpleFragment.glsl; sourceTree = "<group>"; };
		1FCD76342127F7EA000617E1 /* RWTVertex.h */ = {isa = PBXFileReference; fileEncoding = 4; lastKnownFileType = sourcecode.c.h; path = RWTVertex.h; sourceTree = "<group>"; };
		84FD23312126CA4A00AE4CAF /* OpenGLES1.app */ = {isa = PBXFileReference; explicitFileType = wrapper.application; includeInIndex = 0; path = OpenGLES1.app; sourceTree = BUILT_PRODUCTS_DIR; };
		84FD23342126CA4A00AE4CAF /* AppDelegate.h */ = {isa = PBXFileReference; lastKnownFileType = sourcecode.c.h; path = AppDelegate.h; sourceTree = "<group>"; };
		84FD23352126CA4A00AE4CAF /* AppDelegate.m */ = {isa = PBXFileReference; lastKnownFileType = sourcecode.c.objc; path = AppDelegate.m; sourceTree = "<group>"; };
		84FD23372126CA4A00AE4CAF /* ViewController.h */ = {isa = PBXFileReference; lastKnownFileType = sourcecode.c.h; path = ViewController.h; sourceTree = "<group>"; };
		84FD23382126CA4A00AE4CAF /* ViewController.m */ = {isa = PBXFileReference; lastKnownFileType = sourcecode.c.objc; path = ViewController.m; sourceTree = "<group>"; };
		84FD233B2126CA4A00AE4CAF /* Base */ = {isa = PBXFileReference; lastKnownFileType = file.storyboard; name = Base; path = Base.lproj/Main.storyboard; sourceTree = "<group>"; };
		84FD233D2126CA5100AE4CAF /* Assets.xcassets */ = {isa = PBXFileReference; lastKnownFileType = folder.assetcatalog; path = Assets.xcassets; sourceTree = "<group>"; };
		84FD23402126CA5100AE4CAF /* Base */ = {isa = PBXFileReference; lastKnownFileType = file.storyboard; name = Base; path = Base.lproj/LaunchScreen.storyboard; sourceTree = "<group>"; };
		84FD23422126CA5100AE4CAF /* Info.plist */ = {isa = PBXFileReference; lastKnownFileType = text.plist.xml; path = Info.plist; sourceTree = "<group>"; };
		84FD23432126CA5100AE4CAF /* main.m */ = {isa = PBXFileReference; lastKnownFileType = sourcecode.c.objc; path = main.m; sourceTree = "<group>"; };
		84FD234B2126CA7F00AE4CAF /* GLKit.framework */ = {isa = PBXFileReference; lastKnownFileType = wrapper.framework; name = GLKit.framework; path = System/Library/Frameworks/GLKit.framework; sourceTree = SDKROOT; };
		84FD234C2126CA7F00AE4CAF /* OpenGLES.framework */ = {isa = PBXFileReference; lastKnownFileType = wrapper.framework; name = OpenGLES.framework; path = System/Library/Frameworks/OpenGLES.framework; sourceTree = SDKROOT; };
		84FD23532126CB8B00AE4CAF /* OpenGLES2.app */ = {isa = PBXFileReference; explicitFileType = wrapper.application; includeInIndex = 0; path = OpenGLES2.app; sourceTree = BUILT_PRODUCTS_DIR; };
		84FD23552126CB8B00AE4CAF /* AppDelegate.h */ = {isa = PBXFileReference; lastKnownFileType = sourcecode.c.h; path = AppDelegate.h; sourceTree = "<group>"; };
		84FD23562126CB8B00AE4CAF /* AppDelegate.m */ = {isa = PBXFileReference; lastKnownFileType = sourcecode.c.objc; path = AppDelegate.m; sourceTree = "<group>"; };
		84FD23582126CB8B00AE4CAF /* ViewController.h */ = {isa = PBXFileReference; lastKnownFileType = sourcecode.c.h; path = ViewController.h; sourceTree = "<group>"; };
		84FD23592126CB8B00AE4CAF /* ViewController.m */ = {isa = PBXFileReference; lastKnownFileType = sourcecode.c.objc; path = ViewController.m; sourceTree = "<group>"; };
		84FD235C2126CB8B00AE4CAF /* Base */ = {isa = PBXFileReference; lastKnownFileType = file.storyboard; name = Base; path = Base.lproj/Main.storyboard; sourceTree = "<group>"; };
		84FD235E2126CB8F00AE4CAF /* Assets.xcassets */ = {isa = PBXFileReference; lastKnownFileType = folder.assetcatalog; path = Assets.xcassets; sourceTree = "<group>"; };
		84FD23612126CB8F00AE4CAF /* Base */ = {isa = PBXFileReference; lastKnownFileType = file.storyboard; name = Base; path = Base.lproj/LaunchScreen.storyboard; sourceTree = "<group>"; };
		84FD23632126CB8F00AE4CAF /* Info.plist */ = {isa = PBXFileReference; lastKnownFileType = text.plist.xml; path = Info.plist; sourceTree = "<group>"; };
		84FD23642126CB8F00AE4CAF /* main.m */ = {isa = PBXFileReference; lastKnownFileType = sourcecode.c.objc; path = main.m; sourceTree = "<group>"; };
/* End PBXFileReference section */

/* Begin PBXFrameworksBuildPhase section */
		84FD232E2126CA4A00AE4CAF /* Frameworks */ = {
			isa = PBXFrameworksBuildPhase;
			buildActionMask = 2147483647;
			files = (
				84FD234D2126CA7F00AE4CAF /* GLKit.framework in Frameworks */,
				84FD234E2126CA7F00AE4CAF /* OpenGLES.framework in Frameworks */,
			);
			runOnlyForDeploymentPostprocessing = 0;
		};
		84FD23502126CB8B00AE4CAF /* Frameworks */ = {
			isa = PBXFrameworksBuildPhase;
			buildActionMask = 2147483647;
			files = (
				84FD23692126CBB900AE4CAF /* GLKit.framework in Frameworks */,
				84FD236A2126CBBB00AE4CAF /* OpenGLES.framework in Frameworks */,
			);
			runOnlyForDeploymentPostprocessing = 0;
		};
/* End PBXFrameworksBuildPhase section */

/* Begin PBXGroup section */
		1FCD762C2127F748000617E1 /* GLShade */ = {
			isa = PBXGroup;
			children = (
				1FCD76342127F7EA000617E1 /* RWTVertex.h */,
				1FCD762F2127F748000617E1 /* RWTBaseEffect.h */,
				1FCD762D2127F748000617E1 /* RWTBaseEffect.m */,
				1FCD762E2127F748000617E1 /* RWTSimpleVertex.glsl */,
				1FCD76302127F748000617E1 /* RWTSimpleFragment.glsl */,
			);
			path = GLShade;
			sourceTree = "<group>";
		};
		84FD23282126CA4A00AE4CAF = {
			isa = PBXGroup;
			children = (
				84FD23332126CA4A00AE4CAF /* OpenGLES_Practice */,
				84FD23542126CB8B00AE4CAF /* OpenGLES2 */,
				84FD23322126CA4A00AE4CAF /* Products */,
				84FD234A2126CA7E00AE4CAF /* Frameworks */,
			);
			sourceTree = "<group>";
		};
		84FD23322126CA4A00AE4CAF /* Products */ = {
			isa = PBXGroup;
			children = (
				84FD23312126CA4A00AE4CAF /* OpenGLES1.app */,
				84FD23532126CB8B00AE4CAF /* OpenGLES2.app */,
			);
			name = Products;
			sourceTree = "<group>";
		};
		84FD23332126CA4A00AE4CAF /* OpenGLES_Practice */ = {
			isa = PBXGroup;
			children = (
				84FD23342126CA4A00AE4CAF /* AppDelegate.h */,
				84FD23352126CA4A00AE4CAF /* AppDelegate.m */,
				84FD23372126CA4A00AE4CAF /* ViewController.h */,
				84FD23382126CA4A00AE4CAF /* ViewController.m */,
				84FD233A2126CA4A00AE4CAF /* Main.storyboard */,
				84FD233D2126CA5100AE4CAF /* Assets.xcassets */,
				84FD233F2126CA5100AE4CAF /* LaunchScreen.storyboard */,
				84FD23422126CA5100AE4CAF /* Info.plist */,
				84FD23432126CA5100AE4CAF /* main.m */,
			);
			path = OpenGLES_Practice;
			sourceTree = "<group>";
		};
		84FD234A2126CA7E00AE4CAF /* Frameworks */ = {
			isa = PBXGroup;
			children = (
				84FD234B2126CA7F00AE4CAF /* GLKit.framework */,
				84FD234C2126CA7F00AE4CAF /* OpenGLES.framework */,
			);
			name = Frameworks;
			sourceTree = "<group>";
		};
		84FD23542126CB8B00AE4CAF /* OpenGLES2 */ = {
			isa = PBXGroup;
			children = (
				1FCD762C2127F748000617E1 /* GLShade */,
				84FD23552126CB8B00AE4CAF /* AppDelegate.h */,
				84FD23562126CB8B00AE4CAF /* AppDelegate.m */,
				84FD23582126CB8B00AE4CAF /* ViewController.h */,
				84FD23592126CB8B00AE4CAF /* ViewController.m */,
				84FD235B2126CB8B00AE4CAF /* Main.storyboard */,
				84FD235E2126CB8F00AE4CAF /* Assets.xcassets */,
				84FD23602126CB8F00AE4CAF /* LaunchScreen.storyboard */,
				84FD23632126CB8F00AE4CAF /* Info.plist */,
				84FD23642126CB8F00AE4CAF /* main.m */,
			);
			path = OpenGLES2;
			sourceTree = "<group>";
		};
/* End PBXGroup section */

/* Begin PBXNativeTarget section */
		84FD23302126CA4A00AE4CAF /* OpenGLES1 */ = {
			isa = PBXNativeTarget;
			buildConfigurationList = 84FD23472126CA5100AE4CAF /* Build configuration list for PBXNativeTarget "OpenGLES1" */;
			buildPhases = (
				84FD232D2126CA4A00AE4CAF /* Sources */,
				84FD232E2126CA4A00AE4CAF /* Frameworks */,
				84FD232F2126CA4A00AE4CAF /* Resources */,
			);
			buildRules = (
			);
			dependencies = (
			);
			name = OpenGLES1;
			productName = OpenGLES_Practice;
			productReference = 84FD23312126CA4A00AE4CAF /* OpenGLES1.app */;
			productType = "com.apple.product-type.application";
		};
		84FD23522126CB8B00AE4CAF /* OpenGLES2 */ = {
			isa = PBXNativeTarget;
			buildConfigurationList = 84FD23662126CB8F00AE4CAF /* Build configuration list for PBXNativeTarget "OpenGLES2" */;
			buildPhases = (
				84FD234F2126CB8B00AE4CAF /* Sources */,
				84FD23502126CB8B00AE4CAF /* Frameworks */,
				84FD23512126CB8B00AE4CAF /* Resources */,
			);
			buildRules = (
			);
			dependencies = (
			);
			name = OpenGLES2;
			productName = OpenGLES2;
			productReference = 84FD23532126CB8B00AE4CAF /* OpenGLES2.app */;
			productType = "com.apple.product-type.application";
		};
/* End PBXNativeTarget section */

/* Begin PBXProject section */
		84FD23292126CA4A00AE4CAF /* Project object */ = {
			isa = PBXProject;
			attributes = {
				LastUpgradeCheck = 0940;
				ORGANIZATIONNAME = Jacob;
				TargetAttributes = {
					84FD23302126CA4A00AE4CAF = {
						CreatedOnToolsVersion = 9.4.1;
					};
					84FD23522126CB8B00AE4CAF = {
						CreatedOnToolsVersion = 9.4.1;
					};
				};
			};
			buildConfigurationList = 84FD232C2126CA4A00AE4CAF /* Build configuration list for PBXProject "OpenGLES_Practice" */;
			compatibilityVersion = "Xcode 9.3";
			developmentRegion = en;
			hasScannedForEncodings = 0;
			knownRegions = (
				en,
				Base,
			);
			mainGroup = 84FD23282126CA4A00AE4CAF;
			productRefGroup = 84FD23322126CA4A00AE4CAF /* Products */;
			projectDirPath = "";
			projectRoot = "";
			targets = (
				84FD23302126CA4A00AE4CAF /* OpenGLES1 */,
				84FD23522126CB8B00AE4CAF /* OpenGLES2 */,
			);
		};
/* End PBXProject section */

/* Begin PBXResourcesBuildPhase section */
		84FD232F2126CA4A00AE4CAF /* Resources */ = {
			isa = PBXResourcesBuildPhase;
			buildActionMask = 2147483647;
			files = (
				84FD23412126CA5100AE4CAF /* LaunchScreen.storyboard in Resources */,
				84FD233E2126CA5100AE4CAF /* Assets.xcassets in Resources */,
				84FD233C2126CA4A00AE4CAF /* Main.storyboard in Resources */,
			);
			runOnlyForDeploymentPostprocessing = 0;
		};
		84FD23512126CB8B00AE4CAF /* Resources */ = {
			isa = PBXResourcesBuildPhase;
			buildActionMask = 2147483647;
			files = (
				84FD23622126CB8F00AE4CAF /* LaunchScreen.storyboard in Resources */,
				1FCD76322127F749000617E1 /* RWTSimpleVertex.glsl in Resources */,
				1FCD76332127F749000617E1 /* RWTSimpleFragment.glsl in Resources */,
				84FD235F2126CB8F00AE4CAF /* Assets.xcassets in Resources */,
				84FD235D2126CB8B00AE4CAF /* Main.storyboard in Resources */,
			);
			runOnlyForDeploymentPostprocessing = 0;
		};
/* End PBXResourcesBuildPhase section */

/* Begin PBXSourcesBuildPhase section */
		84FD232D2126CA4A00AE4CAF /* Sources */ = {
			isa = PBXSourcesBuildPhase;
			buildActionMask = 2147483647;
			files = (
				84FD23392126CA4A00AE4CAF /* ViewController.m in Sources */,
				84FD23442126CA5100AE4CAF /* main.m in Sources */,
				84FD23362126CA4A00AE4CAF /* AppDelegate.m in Sources */,
			);
			runOnlyForDeploymentPostprocessing = 0;
		};
		84FD234F2126CB8B00AE4CAF /* Sources */ = {
			isa = PBXSourcesBuildPhase;
			buildActionMask = 2147483647;
			files = (
				84FD235A2126CB8B00AE4CAF /* ViewController.m in Sources */,
				84FD23652126CB8F00AE4CAF /* main.m in Sources */,
				84FD23572126CB8B00AE4CAF /* AppDelegate.m in Sources */,
				1FCD76312127F749000617E1 /* RWTBaseEffect.m in Sources */,
			);
			runOnlyForDeploymentPostprocessing = 0;
		};
/* End PBXSourcesBuildPhase section */

/* Begin PBXVariantGroup section */
		84FD233A2126CA4A00AE4CAF /* Main.storyboard */ = {
			isa = PBXVariantGroup;
			children = (
				84FD233B2126CA4A00AE4CAF /* Base */,
			);
			name = Main.storyboard;
			sourceTree = "<group>";
		};
		84FD233F2126CA5100AE4CAF /* LaunchScreen.storyboard */ = {
			isa = PBXVariantGroup;
			children = (
				84FD23402126CA5100AE4CAF /* Base */,
			);
			name = LaunchScreen.storyboard;
			sourceTree = "<group>";
		};
		84FD235B2126CB8B00AE4CAF /* Main.storyboard */ = {
			isa = PBXVariantGroup;
			children = (
				84FD235C2126CB8B00AE4CAF /* Base */,
			);
			name = Main.storyboard;
			sourceTree = "<group>";
		};
		84FD23602126CB8F00AE4CAF /* LaunchScreen.storyboard */ = {
			isa = PBXVariantGroup;
			children = (
				84FD23612126CB8F00AE4CAF /* Base */,
			);
			name = LaunchScreen.storyboard;
			sourceTree = "<group>";
		};
/* End PBXVariantGroup section */

/* Begin XCBuildConfiguration section */
		84FD23452126CA5100AE4CAF /* Debug */ = {
			isa = XCBuildConfiguration;
			buildSettings = {
				ALWAYS_SEARCH_USER_PATHS = NO;
				CLANG_ANALYZER_NONNULL = YES;
				CLANG_ANALYZER_NUMBER_OBJECT_CONVERSION = YES_AGGRESSIVE;
				CLANG_CXX_LANGUAGE_STANDARD = "gnu++14";
				CLANG_CXX_LIBRARY = "libc++";
				CLANG_ENABLE_MODULES = YES;
				CLANG_ENABLE_OBJC_ARC = YES;
				CLANG_ENABLE_OBJC_WEAK = YES;
				CLANG_WARN_BLOCK_CAPTURE_AUTORELEASING = YES;
				CLANG_WARN_BOOL_CONVERSION = YES;
				CLANG_WARN_COMMA = YES;
				CLANG_WARN_CONSTANT_CONVERSION = YES;
				CLANG_WARN_DEPRECATED_OBJC_IMPLEMENTATIONS = YES;
				CLANG_WARN_DIRECT_OBJC_ISA_USAGE = YES_ERROR;
				CLANG_WARN_DOCUMENTATION_COMMENTS = YES;
				CLANG_WARN_EMPTY_BODY = YES;
				CLANG_WARN_ENUM_CONVERSION = YES;
				CLANG_WARN_INFINITE_RECURSION = YES;
				CLANG_WARN_INT_CONVERSION = YES;
				CLANG_WARN_NON_LITERAL_NULL_CONVERSION = YES;
				CLANG_WARN_OBJC_IMPLICIT_RETAIN_SELF = YES;
				CLANG_WARN_OBJC_LITERAL_CONVERSION = YES;
				CLANG_WARN_OBJC_ROOT_CLASS = YES_ERROR;
				CLANG_WARN_RANGE_LOOP_ANALYSIS = YES;
				CLANG_WARN_STRICT_PROTOTYPES = YES;
				CLANG_WARN_SUSPICIOUS_MOVE = YES;
				CLANG_WARN_UNGUARDED_AVAILABILITY = YES_AGGRESSIVE;
				CLANG_WARN_UNREACHABLE_CODE = YES;
				CLANG_WARN__DUPLICATE_METHOD_MATCH = YES;
				CODE_SIGN_IDENTITY = "iPhone Developer";
				COPY_PHASE_STRIP = NO;
				DEBUG_INFORMATION_FORMAT = dwarf;
				ENABLE_STRICT_OBJC_MSGSEND = YES;
				ENABLE_TESTABILITY = YES;
				GCC_C_LANGUAGE_STANDARD = gnu11;
				GCC_DYNAMIC_NO_PIC = NO;
				GCC_NO_COMMON_BLOCKS = YES;
				GCC_OPTIMIZATION_LEVEL = 0;
				GCC_PREPROCESSOR_DEFINITIONS = (
					"DEBUG=1",
					"$(inherited)",
				);
				GCC_WARN_64_TO_32_BIT_CONVERSION = YES;
				GCC_WARN_ABOUT_RETURN_TYPE = YES_ERROR;
				GCC_WARN_UNDECLARED_SELECTOR = YES;
				GCC_WARN_UNINITIALIZED_AUTOS = YES_AGGRESSIVE;
				GCC_WARN_UNUSED_FUNCTION = YES;
				GCC_WARN_UNUSED_VARIABLE = YES;
				IPHONEOS_DEPLOYMENT_TARGET = 11.4;
				MTL_ENABLE_DEBUG_INFO = YES;
				ONLY_ACTIVE_ARCH = YES;
				SDKROOT = iphoneos;
			};
			name = Debug;
		};
		84FD23462126CA5100AE4CAF /* Release */ = {
			isa = XCBuildConfiguration;
			buildSettings = {
				ALWAYS_SEARCH_USER_PATHS = NO;
				CLANG_ANALYZER_NONNULL = YES;
				CLANG_ANALYZER_NUMBER_OBJECT_CONVERSION = YES_AGGRESSIVE;
				CLANG_CXX_LANGUAGE_STANDARD = "gnu++14";
				CLANG_CXX_LIBRARY = "libc++";
				CLANG_ENABLE_MODULES = YES;
				CLANG_ENABLE_OBJC_ARC = YES;
				CLANG_ENABLE_OBJC_WEAK = YES;
				CLANG_WARN_BLOCK_CAPTURE_AUTORELEASING = YES;
				CLANG_WARN_BOOL_CONVERSION = YES;
				CLANG_WARN_COMMA = YES;
				CLANG_WARN_CONSTANT_CONVERSION = YES;
				CLANG_WARN_DEPRECATED_OBJC_IMPLEMENTATIONS = YES;
				CLANG_WARN_DIRECT_OBJC_ISA_USAGE = YES_ERROR;
				CLANG_WARN_DOCUMENTATION_COMMENTS = YES;
				CLANG_WARN_EMPTY_BODY = YES;
				CLANG_WARN_ENUM_CONVERSION = YES;
				CLANG_WARN_INFINITE_RECURSION = YES;
				CLANG_WARN_INT_CONVERSION = YES;
				CLANG_WARN_NON_LITERAL_NULL_CONVERSION = YES;
				CLANG_WARN_OBJC_IMPLICIT_RETAIN_SELF = YES;
				CLANG_WARN_OBJC_LITERAL_CONVERSION = YES;
				CLANG_WARN_OBJC_ROOT_CLASS = YES_ERROR;
				CLANG_WARN_RANGE_LOOP_ANALYSIS = YES;
				CLANG_WARN_STRICT_PROTOTYPES = YES;
				CLANG_WARN_SUSPICIOUS_MOVE = YES;
				CLANG_WARN_UNGUARDED_AVAILABILITY = YES_AGGRESSIVE;
				CLANG_WARN_UNREACHABLE_CODE = YES;
				CLANG_WARN__DUPLICATE_METHOD_MATCH = YES;
				CODE_SIGN_IDENTITY = "iPhone Developer";
				COPY_PHASE_STRIP = NO;
				DEBUG_INFORMATION_FORMAT = "dwarf-with-dsym";
				ENABLE_NS_ASSERTIONS = NO;
				ENABLE_STRICT_OBJC_MSGSEND = YES;
				GCC_C_LANGUAGE_STANDARD = gnu11;
				GCC_NO_COMMON_BLOCKS = YES;
				GCC_WARN_64_TO_32_BIT_CONVERSION = YES;
				GCC_WARN_ABOUT_RETURN_TYPE = YES_ERROR;
				GCC_WARN_UNDECLARED_SELECTOR = YES;
				GCC_WARN_UNINITIALIZED_AUTOS = YES_AGGRESSIVE;
				GCC_WARN_UNUSED_FUNCTION = YES;
				GCC_WARN_UNUSED_VARIABLE = YES;
				IPHONEOS_DEPLOYMENT_TARGET = 11.4;
				MTL_ENABLE_DEBUG_INFO = NO;
				SDKROOT = iphoneos;
				VALIDATE_PRODUCT = YES;
			};
			name = Release;
		};
		84FD23482126CA5100AE4CAF /* Debug */ = {
			isa = XCBuildConfiguration;
			buildSettings = {
				ASSETCATALOG_COMPILER_APPICON_NAME = AppIcon;
				CODE_SIGN_STYLE = Manual;
				DEVELOPMENT_TEAM = 5D7TV84WEN;
				INFOPLIST_FILE = OpenGLES_Practice/Info.plist;
				IPHONEOS_DEPLOYMENT_TARGET = 8.0;
				LD_RUNPATH_SEARCH_PATHS = (
					"$(inherited)",
					"@executable_path/Frameworks",
				);
				PRODUCT_BUNDLE_IDENTIFIER = "com.wildcard.opengles-practice";
				PRODUCT_NAME = "$(TARGET_NAME)";
				PROVISIONING_PROFILE = "e033ff45-5d59-4468-b1d0-701630b2c8c7";
				PROVISIONING_PROFILE_SPECIFIER = Wildcard;
				TARGETED_DEVICE_FAMILY = "1,2";
			};
			name = Debug;
		};
		84FD23492126CA5100AE4CAF /* Release */ = {
			isa = XCBuildConfiguration;
			buildSettings = {
				ASSETCATALOG_COMPILER_APPICON_NAME = AppIcon;
				CODE_SIGN_STYLE = Manual;
				DEVELOPMENT_TEAM = 5D7TV84WEN;
				INFOPLIST_FILE = OpenGLES_Practice/Info.plist;
				IPHONEOS_DEPLOYMENT_TARGET = 8.0;
				LD_RUNPATH_SEARCH_PATHS = (
					"$(inherited)",
					"@executable_path/Frameworks",
				);
				PRODUCT_BUNDLE_IDENTIFIER = "com.wildcard.opengles-practice";
				PRODUCT_NAME = "$(TARGET_NAME)";
				PROVISIONING_PROFILE = "e033ff45-5d59-4468-b1d0-701630b2c8c7";
				PROVISIONING_PROFILE_SPECIFIER = Wildcard;
				TARGETED_DEVICE_FAMILY = "1,2";
			};
			name = Release;
		};
		84FD23672126CB8F00AE4CAF /* Debug */ = {
			isa = XCBuildConfiguration;
			buildSettings = {
				ASSETCATALOG_COMPILER_APPICON_NAME = AppIcon;
				CODE_SIGN_STYLE = Manual;
				DEVELOPMENT_TEAM = 5D7TV84WEN;
				INFOPLIST_FILE = OpenGLES2/Info.plist;
				IPHONEOS_DEPLOYMENT_TARGET = 8.0;
				LD_RUNPATH_SEARCH_PATHS = (
					"$(inherited)",
					"@executable_path/Frameworks",
				);
				PRODUCT_BUNDLE_IDENTIFIER = "com.wildcard.opengles-practice";
				PRODUCT_NAME = "$(TARGET_NAME)";
				PROVISIONING_PROFILE = "e033ff45-5d59-4468-b1d0-701630b2c8c7";
				PROVISIONING_PROFILE_SPECIFIER = Wildcard;
				TARGETED_DEVICE_FAMILY = "1,2";
			};
			name = Debug;
		};
		84FD23682126CB8F00AE4CAF /* Release */ = {
			isa = XCBuildConfiguration;
			buildSettings = {
				ASSETCATALOG_COMPILER_APPICON_NAME = AppIcon;
				CODE_SIGN_STYLE = Manual;
				DEVELOPMENT_TEAM = 5D7TV84WEN;
				INFOPLIST_FILE = OpenGLES2/Info.plist;
				IPHONEOS_DEPLOYMENT_TARGET = 8.0;
				LD_RUNPATH_SEARCH_PATHS = (
					"$(inherited)",
					"@executable_path/Frameworks",
				);
				PRODUCT_BUNDLE_IDENTIFIER = "com.wildcard.opengles-practice";
				PRODUCT_NAME = "$(TARGET_NAME)";
				PROVISIONING_PROFILE = "e033ff45-5d59-4468-b1d0-701630b2c8c7";
				PROVISIONING_PROFILE_SPECIFIER = Wildcard;
				TARGETED_DEVICE_FAMILY = "1,2";
			};
			name = Release;
		};
/* End XCBuildConfiguration section */

/* Begin XCConfigurationList section */
		84FD232C2126CA4A00AE4CAF /* Build configuration list for PBXProject "OpenGLES_Practice" */ = {
			isa = XCConfigurationList;
			buildConfigurations = (
				84FD23452126CA5100AE4CAF /* Debug */,
				84FD23462126CA5100AE4CAF /* Release */,
			);
			defaultConfigurationIsVisible = 0;
			defaultConfigurationName = Release;
		};
		84FD23472126CA5100AE4CAF /* Build configuration list for PBXNativeTarget "OpenGLES1" */ = {
			isa = XCConfigurationList;
			buildConfigurations = (
				84FD23482126CA5100AE4CAF /* Debug */,
				84FD23492126CA5100AE4CAF /* Release */,
			);
			defaultConfigurationIsVisible = 0;
			defaultConfigurationName = Release;
		};
		84FD23662126CB8F00AE4CAF /* Build configuration list for PBXNativeTarget "OpenGLES2" */ = {
			isa = XCConfigurationList;
			buildConfigurations = (
				84FD23672126CB8F00AE4CAF /* Debug */,
				84FD23682126CB8F00AE4CAF /* Release */,
			);
			defaultConfigurationIsVisible = 0;
			defaultConfigurationName = Release;
		};
/* End XCConfigurationList section */
	};
	rootObject = 84FD23292126CA4A00AE4CAF /* Project object */;
}
