// !$*UTF8*$!
{
	archiveVersion = 1;
	classes = {
	};
	objectVersion = 50;
	objects = {

/* Begin PBXBuildFile section */
		1F313E85212C639800B1D96B /* AppDelegate.m in Sources */ = {isa = PBXBuildFile; fileRef = 1F313E84212C639800B1D96B /* AppDelegate.m */; };
		1F313E88212C639800B1D96B /* ViewController.m in Sources */ = {isa = PBXBuildFile; fileRef = 1F313E87212C639800B1D96B /* ViewController.m */; };
		1F313E8B212C639800B1D96B /* Main.storyboard in Resources */ = {isa = PBXBuildFile; fileRef = 1F313E89212C639800B1D96B /* Main.storyboard */; };
		1F313E8D212C639800B1D96B /* Assets.xcassets in Resources */ = {isa = PBXBuildFile; fileRef = 1F313E8C212C639800B1D96B /* Assets.xcassets */; };
		1F313E90212C639800B1D96B /* LaunchScreen.storyboard in Resources */ = {isa = PBXBuildFile; fileRef = 1F313E8E212C639800B1D96B /* LaunchScreen.storyboard */; };
		1F313E93212C639800B1D96B /* main.m in Sources */ = {isa = PBXBuildFile; fileRef = 1F313E92212C639800B1D96B /* main.m */; };
		1F313E97212C63DF00B1D96B /* GLKit.framework in Frameworks */ = {isa = PBXBuildFile; fileRef = 84FD234B2126CA7F00AE4CAF /* GLKit.framework */; };
		1F313E98212C63DF00B1D96B /* OpenGLES.framework in Frameworks */ = {isa = PBXBuildFile; fileRef = 84FD234C2126CA7F00AE4CAF /* OpenGLES.framework */; };
		1F313E9B212C64F400B1D96B /* JJBaseEffect.m in Sources */ = {isa = PBXBuildFile; fileRef = 1F313E9A212C64F400B1D96B /* JJBaseEffect.m */; };
		1F313EA0212C6A0500B1D96B /* JJBaseSimpleVertex.glsl in Resources */ = {isa = PBXBuildFile; fileRef = 1F313E9F212C6A0400B1D96B /* JJBaseSimpleVertex.glsl */; };
		1F313EA2212C6AB600B1D96B /* JJBaseSimpleFragment.glsl in Resources */ = {isa = PBXBuildFile; fileRef = 1F313EA1212C6AB600B1D96B /* JJBaseSimpleFragment.glsl */; };
		1F313EA5212C6B5600B1D96B /* JJBaseModel.m in Sources */ = {isa = PBXBuildFile; fileRef = 1F313EA4212C6B5600B1D96B /* JJBaseModel.m */; };
		1F313EA9212C6FA000B1D96B /* JJBaseSquare.m in Sources */ = {isa = PBXBuildFile; fileRef = 1F313EA8212C6FA000B1D96B /* JJBaseSquare.m */; };
		1FCD76312127F749000617E1 /* RWTBaseEffect.m in Sources */ = {isa = PBXBuildFile; fileRef = 1FCD762D2127F748000617E1 /* RWTBaseEffect.m */; };
		1FCD76322127F749000617E1 /* RWTSimpleVertex.glsl in Resources */ = {isa = PBXBuildFile; fileRef = 1FCD762E2127F748000617E1 /* RWTSimpleVertex.glsl */; };
		1FCD76332127F749000617E1 /* RWTSimpleFragment.glsl in Resources */ = {isa = PBXBuildFile; fileRef = 1FCD76302127F748000617E1 /* RWTSimpleFragment.glsl */; };
		1FCD763D21286808000617E1 /* AppDelegate.m in Sources */ = {isa = PBXBuildFile; fileRef = 1FCD763C21286808000617E1 /* AppDelegate.m */; };
		1FCD764021286808000617E1 /* ViewController.m in Sources */ = {isa = PBXBuildFile; fileRef = 1FCD763F21286808000617E1 /* ViewController.m */; };
		1FCD764321286808000617E1 /* Main.storyboard in Resources */ = {isa = PBXBuildFile; fileRef = 1FCD764121286808000617E1 /* Main.storyboard */; };
		1FCD76452128680B000617E1 /* Assets.xcassets in Resources */ = {isa = PBXBuildFile; fileRef = 1FCD76442128680B000617E1 /* Assets.xcassets */; };
		1FCD76482128680B000617E1 /* LaunchScreen.storyboard in Resources */ = {isa = PBXBuildFile; fileRef = 1FCD76462128680B000617E1 /* LaunchScreen.storyboard */; };
		1FCD764B2128680B000617E1 /* main.m in Sources */ = {isa = PBXBuildFile; fileRef = 1FCD764A2128680B000617E1 /* main.m */; };
		1FCD764F21286893000617E1 /* GLKit.framework in Frameworks */ = {isa = PBXBuildFile; fileRef = 84FD234B2126CA7F00AE4CAF /* GLKit.framework */; };
		1FCD765021286896000617E1 /* OpenGLES.framework in Frameworks */ = {isa = PBXBuildFile; fileRef = 84FD234C2126CA7F00AE4CAF /* OpenGLES.framework */; };
		1FCD765321286A1A000617E1 /* JJBaseEffect.m in Sources */ = {isa = PBXBuildFile; fileRef = 1FCD765221286A1A000617E1 /* JJBaseEffect.m */; };
		1FCD7658212878CB000617E1 /* JJSimpleVertex.glsl in Resources */ = {isa = PBXBuildFile; fileRef = 1FCD765621287317000617E1 /* JJSimpleVertex.glsl */; };
		1FCD7659212878CE000617E1 /* JJSimpleFragment.glsl in Resources */ = {isa = PBXBuildFile; fileRef = 1FCD7657212873B0000617E1 /* JJSimpleFragment.glsl */; };
		1FCD76622128E969000617E1 /* AppDelegate.m in Sources */ = {isa = PBXBuildFile; fileRef = 1FCD76612128E969000617E1 /* AppDelegate.m */; };
		1FCD76652128E969000617E1 /* ViewController.m in Sources */ = {isa = PBXBuildFile; fileRef = 1FCD76642128E969000617E1 /* ViewController.m */; };
		1FCD76682128E969000617E1 /* Main.storyboard in Resources */ = {isa = PBXBuildFile; fileRef = 1FCD76662128E969000617E1 /* Main.storyboard */; };
		1FCD766A2128E96B000617E1 /* Assets.xcassets in Resources */ = {isa = PBXBuildFile; fileRef = 1FCD76692128E96B000617E1 /* Assets.xcassets */; };
		1FCD766D2128E96B000617E1 /* LaunchScreen.storyboard in Resources */ = {isa = PBXBuildFile; fileRef = 1FCD766B2128E96B000617E1 /* LaunchScreen.storyboard */; };
		1FCD76702128E96B000617E1 /* main.m in Sources */ = {isa = PBXBuildFile; fileRef = 1FCD766F2128E96B000617E1 /* main.m */; };
		1FCD76742128E96F000617E1 /* GLKit.framework in Frameworks */ = {isa = PBXBuildFile; fileRef = 84FD234B2126CA7F00AE4CAF /* GLKit.framework */; };
		1FCD76752128E974000617E1 /* OpenGLES.framework in Frameworks */ = {isa = PBXBuildFile; fileRef = 84FD234C2126CA7F00AE4CAF /* OpenGLES.framework */; };
		1FCD76782128EADF000617E1 /* JJBaseEffect.m in Sources */ = {isa = PBXBuildFile; fileRef = 1FCD76772128EADF000617E1 /* JJBaseEffect.m */; };
		1FCD767D2128F4A3000617E1 /* JJSimpleVertex.glsl in Resources */ = {isa = PBXBuildFile; fileRef = 1FCD767C2128F4A3000617E1 /* JJSimpleVertex.glsl */; };
		1FCD767F2128F50C000617E1 /* JJSimpleFragment.glsl in Resources */ = {isa = PBXBuildFile; fileRef = 1FCD767E2128F50C000617E1 /* JJSimpleFragment.glsl */; };
		1FCD76822128FD6C000617E1 /* JJModel.m in Sources */ = {isa = PBXBuildFile; fileRef = 1FCD76812128FD6C000617E1 /* JJModel.m */; };
		1FCD7685212901DE000617E1 /* JJSquare.m in Sources */ = {isa = PBXBuildFile; fileRef = 1FCD7684212901DE000617E1 /* JJSquare.m */; };
		1FCD768E2129C9F7000617E1 /* AppDelegate.m in Sources */ = {isa = PBXBuildFile; fileRef = 1FCD768D2129C9F7000617E1 /* AppDelegate.m */; };
		1FCD76912129C9F7000617E1 /* ViewController.m in Sources */ = {isa = PBXBuildFile; fileRef = 1FCD76902129C9F7000617E1 /* ViewController.m */; };
		1FCD76942129C9F7000617E1 /* Main.storyboard in Resources */ = {isa = PBXBuildFile; fileRef = 1FCD76922129C9F7000617E1 /* Main.storyboard */; };
		1FCD76962129C9F9000617E1 /* Assets.xcassets in Resources */ = {isa = PBXBuildFile; fileRef = 1FCD76952129C9F9000617E1 /* Assets.xcassets */; };
		1FCD76992129C9F9000617E1 /* LaunchScreen.storyboard in Resources */ = {isa = PBXBuildFile; fileRef = 1FCD76972129C9F9000617E1 /* LaunchScreen.storyboard */; };
		1FCD769C2129C9F9000617E1 /* main.m in Sources */ = {isa = PBXBuildFile; fileRef = 1FCD769B2129C9F9000617E1 /* main.m */; };
		1FCD76A02129CA22000617E1 /* GLKit.framework in Frameworks */ = {isa = PBXBuildFile; fileRef = 84FD234B2126CA7F00AE4CAF /* GLKit.framework */; };
		1FCD76A12129CA25000617E1 /* OpenGLES.framework in Frameworks */ = {isa = PBXBuildFile; fileRef = 84FD234C2126CA7F00AE4CAF /* OpenGLES.framework */; };
		1FCD76A42129CB42000617E1 /* BaseEffect.m in Sources */ = {isa = PBXBuildFile; fileRef = 1FCD76A32129CB42000617E1 /* BaseEffect.m */; };
		1FCD76A82129D37D000617E1 /* BaseSimpleVertex.glsl in Resources */ = {isa = PBXBuildFile; fileRef = 1FCD76A72129D37D000617E1 /* BaseSimpleVertex.glsl */; };
		1FCD76AA2129D395000617E1 /* BaseSimpleFragment.glsl in Resources */ = {isa = PBXBuildFile; fileRef = 1FCD76A92129D395000617E1 /* BaseSimpleFragment.glsl */; };
		1FCD76AD212B14D6000617E1 /* BaseModel.m in Sources */ = {isa = PBXBuildFile; fileRef = 1FCD76AC212B14D6000617E1 /* BaseModel.m */; };
		1FCD76B1212B18A6000617E1 /* BaseSquare.m in Sources */ = {isa = PBXBuildFile; fileRef = 1FCD76B0212B18A6000617E1 /* BaseSquare.m */; };
		8440609F212BB7CE001267B5 /* BaseCube.m in Sources */ = {isa = PBXBuildFile; fileRef = 8440609E212BB7CD001267B5 /* BaseCube.m */; };
		84EC3637212D0CF60029FC04 /* JJBaseCube.m in Sources */ = {isa = PBXBuildFile; fileRef = 84EC3636212D0CF60029FC04 /* JJBaseCube.m */; };
		84FD23362126CA4A00AE4CAF /* AppDelegate.m in Sources */ = {isa = PBXBuildFile; fileRef = 84FD23352126CA4A00AE4CAF /* AppDelegate.m */; };
		84FD23392126CA4A00AE4CAF /* ViewController.m in Sources */ = {isa = PBXBuildFile; fileRef = 84FD23382126CA4A00AE4CAF /* ViewController.m */; };
		84FD233C2126CA4A00AE4CAF /* Main.storyboard in Resources */ = {isa = PBXBuildFile; fileRef = 84FD233A2126CA4A00AE4CAF /* Main.storyboard */; };
		84FD233E2126CA5100AE4CAF /* Assets.xcassets in Resources */ = {isa = PBXBuildFile; fileRef = 84FD233D2126CA5100AE4CAF /* Assets.xcassets */; };
		84FD23412126CA5100AE4CAF /* LaunchScreen.storyboard in Resources */ = {isa = PBXBuildFile; fileRef = 84FD233F2126CA5100AE4CAF /* LaunchScreen.storyboard */; };
		84FD23442126CA5100AE4CAF /* main.m in Sources */ = {isa = PBXBuildFile; fileRef = 84FD23432126CA5100AE4CAF /* main.m */; };
		84FD234D2126CA7F00AE4CAF /* GLKit.framework in Frameworks */ = {isa = PBXBuildFile; fileRef = 84FD234B2126CA7F00AE4CAF /* GLKit.framework */; };
		84FD234E2126CA7F00AE4CAF /* OpenGLES.framework in Frameworks */ = {isa = PBXBuildFile; fileRef = 84FD234C2126CA7F00AE4CAF /* OpenGLES.framework */; };
		84FD23572126CB8B00AE4CAF /* AppDelegate.m in Sources */ = {isa = PBXBuildFile; fileRef = 84FD23562126CB8B00AE4CAF /* AppDelegate.m */; };
		84FD235A2126CB8B00AE4CAF /* ViewController.m in Sources */ = {isa = PBXBuildFile; fileRef = 84FD23592126CB8B00AE4CAF /* ViewController.m */; };
		84FD235D2126CB8B00AE4CAF /* Main.storyboard in Resources */ = {isa = PBXBuildFile; fileRef = 84FD235B2126CB8B00AE4CAF /* Main.storyboard */; };
		84FD235F2126CB8F00AE4CAF /* Assets.xcassets in Resources */ = {isa = PBXBuildFile; fileRef = 84FD235E2126CB8F00AE4CAF /* Assets.xcassets */; };
		84FD23622126CB8F00AE4CAF /* LaunchScreen.storyboard in Resources */ = {isa = PBXBuildFile; fileRef = 84FD23602126CB8F00AE4CAF /* LaunchScreen.storyboard */; };
		84FD23652126CB8F00AE4CAF /* main.m in Sources */ = {isa = PBXBuildFile; fileRef = 84FD23642126CB8F00AE4CAF /* main.m */; };
		84FD23692126CBB900AE4CAF /* GLKit.framework in Frameworks */ = {isa = PBXBuildFile; fileRef = 84FD234B2126CA7F00AE4CAF /* GLKit.framework */; };
		84FD236A2126CBBB00AE4CAF /* OpenGLES.framework in Frameworks */ = {isa = PBXBuildFile; fileRef = 84FD234C2126CA7F00AE4CAF /* OpenGLES.framework */; };
/* End PBXBuildFile section */

/* Begin PBXFileReference section */
		1F313E81212C639800B1D96B /* OpenGLES6.app */ = {isa = PBXFileReference; explicitFileType = wrapper.application; includeInIndex = 0; path = OpenGLES6.app; sourceTree = BUILT_PRODUCTS_DIR; };
		1F313E83212C639800B1D96B /* AppDelegate.h */ = {isa = PBXFileReference; lastKnownFileType = sourcecode.c.h; path = AppDelegate.h; sourceTree = "<group>"; };
		1F313E84212C639800B1D96B /* AppDelegate.m */ = {isa = PBXFileReference; lastKnownFileType = sourcecode.c.objc; path = AppDelegate.m; sourceTree = "<group>"; };
		1F313E86212C639800B1D96B /* ViewController.h */ = {isa = PBXFileReference; lastKnownFileType = sourcecode.c.h; path = ViewController.h; sourceTree = "<group>"; };
		1F313E87212C639800B1D96B /* ViewController.m */ = {isa = PBXFileReference; lastKnownFileType = sourcecode.c.objc; path = ViewController.m; sourceTree = "<group>"; };
		1F313E8A212C639800B1D96B /* Base */ = {isa = PBXFileReference; lastKnownFileType = file.storyboard; name = Base; path = Base.lproj/Main.storyboard; sourceTree = "<group>"; };
		1F313E8C212C639800B1D96B /* Assets.xcassets */ = {isa = PBXFileReference; lastKnownFileType = folder.assetcatalog; path = Assets.xcassets; sourceTree = "<group>"; };
		1F313E8F212C639800B1D96B /* Base */ = {isa = PBXFileReference; lastKnownFileType = file.storyboard; name = Base; path = Base.lproj/LaunchScreen.storyboard; sourceTree = "<group>"; };
		1F313E91212C639800B1D96B /* Info.plist */ = {isa = PBXFileReference; lastKnownFileType = text.plist.xml; path = Info.plist; sourceTree = "<group>"; };
		1F313E92212C639800B1D96B /* main.m */ = {isa = PBXFileReference; lastKnownFileType = sourcecode.c.objc; path = main.m; sourceTree = "<group>"; };
		1F313E99212C64F400B1D96B /* JJBaseEffect.h */ = {isa = PBXFileReference; lastKnownFileType = sourcecode.c.h; path = JJBaseEffect.h; sourceTree = "<group>"; };
		1F313E9A212C64F400B1D96B /* JJBaseEffect.m */ = {isa = PBXFileReference; lastKnownFileType = sourcecode.c.objc; path = JJBaseEffect.m; sourceTree = "<group>"; };
		1F313E9E212C652D00B1D96B /* JJBaseVertex.h */ = {isa = PBXFileReference; lastKnownFileType = sourcecode.c.h; path = JJBaseVertex.h; sourceTree = "<group>"; };
		1F313E9F212C6A0400B1D96B /* JJBaseSimpleVertex.glsl */ = {isa = PBXFileReference; fileEncoding = 4; lastKnownFileType = text; path = JJBaseSimpleVertex.glsl; sourceTree = "<group>"; };
		1F313EA1212C6AB600B1D96B /* JJBaseSimpleFragment.glsl */ = {isa = PBXFileReference; lastKnownFileType = text; path = JJBaseSimpleFragment.glsl; sourceTree = "<group>"; };
		1F313EA3212C6B5600B1D96B /* JJBaseModel.h */ = {isa = PBXFileReference; lastKnownFileType = sourcecode.c.h; path = JJBaseModel.h; sourceTree = "<group>"; };
		1F313EA4212C6B5600B1D96B /* JJBaseModel.m */ = {isa = PBXFileReference; lastKnownFileType = sourcecode.c.objc; path = JJBaseModel.m; sourceTree = "<group>"; };
		1F313EA7212C6FA000B1D96B /* JJBaseSquare.h */ = {isa = PBXFileReference; lastKnownFileType = sourcecode.c.h; path = JJBaseSquare.h; sourceTree = "<group>"; };
		1F313EA8212C6FA000B1D96B /* JJBaseSquare.m */ = {isa = PBXFileReference; lastKnownFileType = sourcecode.c.objc; path = JJBaseSquare.m; sourceTree = "<group>"; };
		1FCD762D2127F748000617E1 /* RWTBaseEffect.m */ = {isa = PBXFileReference; fileEncoding = 4; lastKnownFileType = sourcecode.c.objc; path = RWTBaseEffect.m; sourceTree = "<group>"; };
		1FCD762E2127F748000617E1 /* RWTSimpleVertex.glsl */ = {isa = PBXFileReference; fileEncoding = 4; lastKnownFileType = text; path = RWTSimpleVertex.glsl; sourceTree = "<group>"; };
		1FCD762F2127F748000617E1 /* RWTBaseEffect.h */ = {isa = PBXFileReference; fileEncoding = 4; lastKnownFileType = sourcecode.c.h; path = RWTBaseEffect.h; sourceTree = "<group>"; };
		1FCD76302127F748000617E1 /* RWTSimpleFragment.glsl */ = {isa = PBXFileReference; fileEncoding = 4; lastKnownFileType = text; path = RWTSimpleFragment.glsl; sourceTree = "<group>"; };
		1FCD76342127F7EA000617E1 /* RWTVertex.h */ = {isa = PBXFileReference; fileEncoding = 4; lastKnownFileType = sourcecode.c.h; path = RWTVertex.h; sourceTree = "<group>"; };
		1FCD763921286808000617E1 /* OpenGLES3.app */ = {isa = PBXFileReference; explicitFileType = wrapper.application; includeInIndex = 0; path = OpenGLES3.app; sourceTree = BUILT_PRODUCTS_DIR; };
		1FCD763B21286808000617E1 /* AppDelegate.h */ = {isa = PBXFileReference; lastKnownFileType = sourcecode.c.h; path = AppDelegate.h; sourceTree = "<group>"; };
		1FCD763C21286808000617E1 /* AppDelegate.m */ = {isa = PBXFileReference; lastKnownFileType = sourcecode.c.objc; path = AppDelegate.m; sourceTree = "<group>"; };
		1FCD763E21286808000617E1 /* ViewController.h */ = {isa = PBXFileReference; lastKnownFileType = sourcecode.c.h; path = ViewController.h; sourceTree = "<group>"; };
		1FCD763F21286808000617E1 /* ViewController.m */ = {isa = PBXFileReference; lastKnownFileType = sourcecode.c.objc; path = ViewController.m; sourceTree = "<group>"; };
		1FCD764221286808000617E1 /* Base */ = {isa = PBXFileReference; lastKnownFileType = file.storyboard; name = Base; path = Base.lproj/Main.storyboard; sourceTree = "<group>"; };
		1FCD76442128680B000617E1 /* Assets.xcassets */ = {isa = PBXFileReference; lastKnownFileType = folder.assetcatalog; path = Assets.xcassets; sourceTree = "<group>"; };
		1FCD76472128680B000617E1 /* Base */ = {isa = PBXFileReference; lastKnownFileType = file.storyboard; name = Base; path = Base.lproj/LaunchScreen.storyboard; sourceTree = "<group>"; };
		1FCD76492128680B000617E1 /* Info.plist */ = {isa = PBXFileReference; lastKnownFileType = text.plist.xml; path = Info.plist; sourceTree = "<group>"; };
		1FCD764A2128680B000617E1 /* main.m */ = {isa = PBXFileReference; lastKnownFileType = sourcecode.c.objc; path = main.m; sourceTree = "<group>"; };
		1FCD765121286A1A000617E1 /* JJBaseEffect.h */ = {isa = PBXFileReference; lastKnownFileType = sourcecode.c.h; path = JJBaseEffect.h; sourceTree = "<group>"; };
		1FCD765221286A1A000617E1 /* JJBaseEffect.m */ = {isa = PBXFileReference; lastKnownFileType = sourcecode.c.objc; path = JJBaseEffect.m; sourceTree = "<group>"; };
		1FCD765521286A63000617E1 /* JJVertex.h */ = {isa = PBXFileReference; lastKnownFileType = sourcecode.c.h; path = JJVertex.h; sourceTree = "<group>"; };
		1FCD765621287317000617E1 /* JJSimpleVertex.glsl */ = {isa = PBXFileReference; explicitFileType = sourcecode.glsl; fileEncoding = 4; path = JJSimpleVertex.glsl; sourceTree = "<group>"; };
		1FCD7657212873B0000617E1 /* JJSimpleFragment.glsl */ = {isa = PBXFileReference; fileEncoding = 4; lastKnownFileType = text; path = JJSimpleFragment.glsl; sourceTree = "<group>"; };
		1FCD765E2128E969000617E1 /* OpenGLES4.app */ = {isa = PBXFileReference; explicitFileType = wrapper.application; includeInIndex = 0; path = OpenGLES4.app; sourceTree = BUILT_PRODUCTS_DIR; };
		1FCD76602128E969000617E1 /* AppDelegate.h */ = {isa = PBXFileReference; lastKnownFileType = sourcecode.c.h; path = AppDelegate.h; sourceTree = "<group>"; };
		1FCD76612128E969000617E1 /* AppDelegate.m */ = {isa = PBXFileReference; lastKnownFileType = sourcecode.c.objc; path = AppDelegate.m; sourceTree = "<group>"; };
		1FCD76632128E969000617E1 /* ViewController.h */ = {isa = PBXFileReference; lastKnownFileType = sourcecode.c.h; path = ViewController.h; sourceTree = "<group>"; };
		1FCD76642128E969000617E1 /* ViewController.m */ = {isa = PBXFileReference; lastKnownFileType = sourcecode.c.objc; path = ViewController.m; sourceTree = "<group>"; };
		1FCD76672128E969000617E1 /* Base */ = {isa = PBXFileReference; lastKnownFileType = file.storyboard; name = Base; path = Base.lproj/Main.storyboard; sourceTree = "<group>"; };
		1FCD76692128E96B000617E1 /* Assets.xcassets */ = {isa = PBXFileReference; lastKnownFileType = folder.assetcatalog; path = Assets.xcassets; sourceTree = "<group>"; };
		1FCD766C2128E96B000617E1 /* Base */ = {isa = PBXFileReference; lastKnownFileType = file.storyboard; name = Base; path = Base.lproj/LaunchScreen.storyboard; sourceTree = "<group>"; };
		1FCD766E2128E96B000617E1 /* Info.plist */ = {isa = PBXFileReference; lastKnownFileType = text.plist.xml; path = Info.plist; sourceTree = "<group>"; };
		1FCD766F2128E96B000617E1 /* main.m */ = {isa = PBXFileReference; lastKnownFileType = sourcecode.c.objc; path = main.m; sourceTree = "<group>"; };
		1FCD76762128EADF000617E1 /* JJBaseEffect.h */ = {isa = PBXFileReference; lastKnownFileType = sourcecode.c.h; path = JJBaseEffect.h; sourceTree = "<group>"; };
		1FCD76772128EADF000617E1 /* JJBaseEffect.m */ = {isa = PBXFileReference; lastKnownFileType = sourcecode.c.objc; path = JJBaseEffect.m; sourceTree = "<group>"; };
		1FCD767B2128EB17000617E1 /* JJVertex.h */ = {isa = PBXFileReference; lastKnownFileType = sourcecode.c.h; path = JJVertex.h; sourceTree = "<group>"; };
		1FCD767C2128F4A3000617E1 /* JJSimpleVertex.glsl */ = {isa = PBXFileReference; fileEncoding = 4; lastKnownFileType = text; path = JJSimpleVertex.glsl; sourceTree = "<group>"; };
		1FCD767E2128F50C000617E1 /* JJSimpleFragment.glsl */ = {isa = PBXFileReference; fileEncoding = 4; lastKnownFileType = text; path = JJSimpleFragment.glsl; sourceTree = "<group>"; };
		1FCD76802128FD6C000617E1 /* JJModel.h */ = {isa = PBXFileReference; lastKnownFileType = sourcecode.c.h; path = JJModel.h; sourceTree = "<group>"; };
		1FCD76812128FD6C000617E1 /* JJModel.m */ = {isa = PBXFileReference; lastKnownFileType = sourcecode.c.objc; path = JJModel.m; sourceTree = "<group>"; };
		1FCD7683212901DE000617E1 /* JJSquare.h */ = {isa = PBXFileReference; lastKnownFileType = sourcecode.c.h; path = JJSquare.h; sourceTree = "<group>"; };
		1FCD7684212901DE000617E1 /* JJSquare.m */ = {isa = PBXFileReference; lastKnownFileType = sourcecode.c.objc; path = JJSquare.m; sourceTree = "<group>"; };
		1FCD768A2129C9F7000617E1 /* OpenGLES5.app */ = {isa = PBXFileReference; explicitFileType = wrapper.application; includeInIndex = 0; path = OpenGLES5.app; sourceTree = BUILT_PRODUCTS_DIR; };
		1FCD768C2129C9F7000617E1 /* AppDelegate.h */ = {isa = PBXFileReference; lastKnownFileType = sourcecode.c.h; path = AppDelegate.h; sourceTree = "<group>"; };
		1FCD768D2129C9F7000617E1 /* AppDelegate.m */ = {isa = PBXFileReference; lastKnownFileType = sourcecode.c.objc; path = AppDelegate.m; sourceTree = "<group>"; };
		1FCD768F2129C9F7000617E1 /* ViewController.h */ = {isa = PBXFileReference; lastKnownFileType = sourcecode.c.h; path = ViewController.h; sourceTree = "<group>"; };
		1FCD76902129C9F7000617E1 /* ViewController.m */ = {isa = PBXFileReference; lastKnownFileType = sourcecode.c.objc; path = ViewController.m; sourceTree = "<group>"; };
		1FCD76932129C9F7000617E1 /* Base */ = {isa = PBXFileReference; lastKnownFileType = file.storyboard; name = Base; path = Base.lproj/Main.storyboard; sourceTree = "<group>"; };
		1FCD76952129C9F9000617E1 /* Assets.xcassets */ = {isa = PBXFileReference; lastKnownFileType = folder.assetcatalog; path = Assets.xcassets; sourceTree = "<group>"; };
		1FCD76982129C9F9000617E1 /* Base */ = {isa = PBXFileReference; lastKnownFileType = file.storyboard; name = Base; path = Base.lproj/LaunchScreen.storyboard; sourceTree = "<group>"; };
		1FCD769A2129C9F9000617E1 /* Info.plist */ = {isa = PBXFileReference; lastKnownFileType = text.plist.xml; path = Info.plist; sourceTree = "<group>"; };
		1FCD769B2129C9F9000617E1 /* main.m */ = {isa = PBXFileReference; lastKnownFileType = sourcecode.c.objc; path = main.m; sourceTree = "<group>"; };
		1FCD76A22129CB42000617E1 /* BaseEffect.h */ = {isa = PBXFileReference; lastKnownFileType = sourcecode.c.h; path = BaseEffect.h; sourceTree = "<group>"; };
		1FCD76A32129CB42000617E1 /* BaseEffect.m */ = {isa = PBXFileReference; lastKnownFileType = sourcecode.c.objc; path = BaseEffect.m; sourceTree = "<group>"; };
		1FCD76A62129CB6B000617E1 /* BaseVertex.h */ = {isa = PBXFileReference; lastKnownFileType = sourcecode.c.h; path = BaseVertex.h; sourceTree = "<group>"; };
		1FCD76A72129D37D000617E1 /* BaseSimpleVertex.glsl */ = {isa = PBXFileReference; fileEncoding = 4; lastKnownFileType = text; path = BaseSimpleVertex.glsl; sourceTree = "<group>"; };
		1FCD76A92129D395000617E1 /* BaseSimpleFragment.glsl */ = {isa = PBXFileReference; fileEncoding = 4; lastKnownFileType = text; path = BaseSimpleFragment.glsl; sourceTree = "<group>"; };
		1FCD76AB212B14D6000617E1 /* BaseModel.h */ = {isa = PBXFileReference; lastKnownFileType = sourcecode.c.h; path = BaseModel.h; sourceTree = "<group>"; };
		1FCD76AC212B14D6000617E1 /* BaseModel.m */ = {isa = PBXFileReference; lastKnownFileType = sourcecode.c.objc; path = BaseModel.m; sourceTree = "<group>"; };
		1FCD76AF212B18A6000617E1 /* BaseSquare.h */ = {isa = PBXFileReference; lastKnownFileType = sourcecode.c.h; path = BaseSquare.h; sourceTree = "<group>"; };
		1FCD76B0212B18A6000617E1 /* BaseSquare.m */ = {isa = PBXFileReference; lastKnownFileType = sourcecode.c.objc; path = BaseSquare.m; sourceTree = "<group>"; };
		8440609D212BB7CD001267B5 /* BaseCube.h */ = {isa = PBXFileReference; fileEncoding = 4; lastKnownFileType = sourcecode.c.h; path = BaseCube.h; sourceTree = "<group>"; };
		8440609E212BB7CD001267B5 /* BaseCube.m */ = {isa = PBXFileReference; fileEncoding = 4; lastKnownFileType = sourcecode.c.objc; path = BaseCube.m; sourceTree = "<group>"; };
		84EC3635212D0CF60029FC04 /* JJBaseCube.h */ = {isa = PBXFileReference; lastKnownFileType = sourcecode.c.h; path = JJBaseCube.h; sourceTree = "<group>"; };
		84EC3636212D0CF60029FC04 /* JJBaseCube.m */ = {isa = PBXFileReference; lastKnownFileType = sourcecode.c.objc; path = JJBaseCube.m; sourceTree = "<group>"; };
		84FD23312126CA4A00AE4CAF /* OpenGLES1.app */ = {isa = PBXFileReference; explicitFileType = wrapper.application; includeInIndex = 0; path = OpenGLES1.app; sourceTree = BUILT_PRODUCTS_DIR; };
		84FD23342126CA4A00AE4CAF /* AppDelegate.h */ = {isa = PBXFileReference; lastKnownFileType = sourcecode.c.h; path = AppDelegate.h; sourceTree = "<group>"; };
		84FD23352126CA4A00AE4CAF /* AppDelegate.m */ = {isa = PBXFileReference; lastKnownFileType = sourcecode.c.objc; path = AppDelegate.m; sourceTree = "<group>"; };
		84FD23372126CA4A00AE4CAF /* ViewController.h */ = {isa = PBXFileReference; lastKnownFileType = sourcecode.c.h; path = ViewController.h; sourceTree = "<group>"; };
		84FD23382126CA4A00AE4CAF /* ViewController.m */ = {isa = PBXFileReference; lastKnownFileType = sourcecode.c.objc; path = ViewController.m; sourceTree = "<group>"; };
		84FD233B2126CA4A00AE4CAF /* Base */ = {isa = PBXFileReference; lastKnownFileType = file.storyboard; name = Base; path = Base.lproj/Main.storyboard; sourceTree = "<group>"; };
		84FD233D2126CA5100AE4CAF /* Assets.xcassets */ = {isa = PBXFileReference; lastKnownFileType = folder.assetcatalog; path = Assets.xcassets; sourceTree = "<group>"; };
		84FD23402126CA5100AE4CAF /* Base */ = {isa = PBXFileReference; lastKnownFileType = file.storyboard; name = Base; path = Base.lproj/LaunchScreen.storyboard; sourceTree = "<group>"; };
		84FD23422126CA5100AE4CAF /* Info.plist */ = {isa = PBXFileReference; lastKnownFileType = text.plist.xml; path = Info.plist; sourceTree = "<group>"; };
		84FD23432126CA5100AE4CAF /* main.m */ = {isa = PBXFileReference; lastKnownFileType = sourcecode.c.objc; path = main.m; sourceTree = "<group>"; };
		84FD234B2126CA7F00AE4CAF /* GLKit.framework */ = {isa = PBXFileReference; lastKnownFileType = wrapper.framework; name = GLKit.framework; path = System/Library/Frameworks/GLKit.framework; sourceTree = SDKROOT; };
		84FD234C2126CA7F00AE4CAF /* OpenGLES.framework */ = {isa = PBXFileReference; lastKnownFileType = wrapper.framework; name = OpenGLES.framework; path = System/Library/Frameworks/OpenGLES.framework; sourceTree = SDKROOT; };
		84FD23532126CB8B00AE4CAF /* OpenGLES2.app */ = {isa = PBXFileReference; explicitFileType = wrapper.application; includeInIndex = 0; path = OpenGLES2.app; sourceTree = BUILT_PRODUCTS_DIR; };
		84FD23552126CB8B00AE4CAF /* AppDelegate.h */ = {isa = PBXFileReference; lastKnownFileType = sourcecode.c.h; path = AppDelegate.h; sourceTree = "<group>"; };
		84FD23562126CB8B00AE4CAF /* AppDelegate.m */ = {isa = PBXFileReference; lastKnownFileType = sourcecode.c.objc; path = AppDelegate.m; sourceTree = "<group>"; };
		84FD23582126CB8B00AE4CAF /* ViewController.h */ = {isa = PBXFileReference; lastKnownFileType = sourcecode.c.h; path = ViewController.h; sourceTree = "<group>"; };
		84FD23592126CB8B00AE4CAF /* ViewController.m */ = {isa = PBXFileReference; lastKnownFileType = sourcecode.c.objc; path = ViewController.m; sourceTree = "<group>"; };
		84FD235C2126CB8B00AE4CAF /* Base */ = {isa = PBXFileReference; lastKnownFileType = file.storyboard; name = Base; path = Base.lproj/Main.storyboard; sourceTree = "<group>"; };
		84FD235E2126CB8F00AE4CAF /* Assets.xcassets */ = {isa = PBXFileReference; lastKnownFileType = folder.assetcatalog; path = Assets.xcassets; sourceTree = "<group>"; };
		84FD23612126CB8F00AE4CAF /* Base */ = {isa = PBXFileReference; lastKnownFileType = file.storyboard; name = Base; path = Base.lproj/LaunchScreen.storyboard; sourceTree = "<group>"; };
		84FD23632126CB8F00AE4CAF /* Info.plist */ = {isa = PBXFileReference; lastKnownFileType = text.plist.xml; path = Info.plist; sourceTree = "<group>"; };
		84FD23642126CB8F00AE4CAF /* main.m */ = {isa = PBXFileReference; lastKnownFileType = sourcecode.c.objc; path = main.m; sourceTree = "<group>"; };
/* End PBXFileReference section */

/* Begin PBXFrameworksBuildPhase section */
		1F313E7E212C639800B1D96B /* Frameworks */ = {
			isa = PBXFrameworksBuildPhase;
			buildActionMask = 2147483647;
			files = (
				1F313E97212C63DF00B1D96B /* GLKit.framework in Frameworks */,
				1F313E98212C63DF00B1D96B /* OpenGLES.framework in Frameworks */,
			);
			runOnlyForDeploymentPostprocessing = 0;
		};
		1FCD763621286808000617E1 /* Frameworks */ = {
			isa = PBXFrameworksBuildPhase;
			buildActionMask = 2147483647;
			files = (
				1FCD764F21286893000617E1 /* GLKit.framework in Frameworks */,
				1FCD765021286896000617E1 /* OpenGLES.framework in Frameworks */,
			);
			runOnlyForDeploymentPostprocessing = 0;
		};
		1FCD765B2128E969000617E1 /* Frameworks */ = {
			isa = PBXFrameworksBuildPhase;
			buildActionMask = 2147483647;
			files = (
				1FCD76742128E96F000617E1 /* GLKit.framework in Frameworks */,
				1FCD76752128E974000617E1 /* OpenGLES.framework in Frameworks */,
			);
			runOnlyForDeploymentPostprocessing = 0;
		};
		1FCD76872129C9F7000617E1 /* Frameworks */ = {
			isa = PBXFrameworksBuildPhase;
			buildActionMask = 2147483647;
			files = (
				1FCD76A02129CA22000617E1 /* GLKit.framework in Frameworks */,
				1FCD76A12129CA25000617E1 /* OpenGLES.framework in Frameworks */,
			);
			runOnlyForDeploymentPostprocessing = 0;
		};
		84FD232E2126CA4A00AE4CAF /* Frameworks */ = {
			isa = PBXFrameworksBuildPhase;
			buildActionMask = 2147483647;
			files = (
				84FD234D2126CA7F00AE4CAF /* GLKit.framework in Frameworks */,
				84FD234E2126CA7F00AE4CAF /* OpenGLES.framework in Frameworks */,
			);
			runOnlyForDeploymentPostprocessing = 0;
		};
		84FD23502126CB8B00AE4CAF /* Frameworks */ = {
			isa = PBXFrameworksBuildPhase;
			buildActionMask = 2147483647;
			files = (
				84FD23692126CBB900AE4CAF /* GLKit.framework in Frameworks */,
				84FD236A2126CBBB00AE4CAF /* OpenGLES.framework in Frameworks */,
			);
			runOnlyForDeploymentPostprocessing = 0;
		};
/* End PBXFrameworksBuildPhase section */

/* Begin PBXGroup section */
		1F313E82212C639800B1D96B /* OpenGLES6 */ = {
			isa = PBXGroup;
			children = (
				1F313E83212C639800B1D96B /* AppDelegate.h */,
				1F313E84212C639800B1D96B /* AppDelegate.m */,
				1F313E86212C639800B1D96B /* ViewController.h */,
				1F313E87212C639800B1D96B /* ViewController.m */,
				1F313EA6212C6B5C00B1D96B /* JJBaseModel */,
				1F313E9D212C650D00B1D96B /* JJ6Demo */,
				1F313E89212C639800B1D96B /* Main.storyboard */,
				1F313E8C212C639800B1D96B /* Assets.xcassets */,
				1F313E8E212C639800B1D96B /* LaunchScreen.storyboard */,
				1F313E91212C639800B1D96B /* Info.plist */,
				1F313E92212C639800B1D96B /* main.m */,
			);
			path = OpenGLES6;
			sourceTree = "<group>";
		};
		1F313E9D212C650D00B1D96B /* JJ6Demo */ = {
			isa = PBXGroup;
			children = (
				1F313E99212C64F400B1D96B /* JJBaseEffect.h */,
				1F313E9A212C64F400B1D96B /* JJBaseEffect.m */,
				1F313E9F212C6A0400B1D96B /* JJBaseSimpleVertex.glsl */,
				1F313EA1212C6AB600B1D96B /* JJBaseSimpleFragment.glsl */,
				1F313E9E212C652D00B1D96B /* JJBaseVertex.h */,
			);
			path = JJ6Demo;
			sourceTree = "<group>";
		};
		1F313EA6212C6B5C00B1D96B /* JJBaseModel */ = {
			isa = PBXGroup;
			children = (
				1F313EA3212C6B5600B1D96B /* JJBaseModel.h */,
				1F313EA4212C6B5600B1D96B /* JJBaseModel.m */,
				1F313EA7212C6FA000B1D96B /* JJBaseSquare.h */,
				1F313EA8212C6FA000B1D96B /* JJBaseSquare.m */,
				84EC3635212D0CF60029FC04 /* JJBaseCube.h */,
				84EC3636212D0CF60029FC04 /* JJBaseCube.m */,
			);
			path = JJBaseModel;
			sourceTree = "<group>";
		};
		1FCD762C2127F748000617E1 /* GLShade */ = {
			isa = PBXGroup;
			children = (
				1FCD76342127F7EA000617E1 /* RWTVertex.h */,
				1FCD762F2127F748000617E1 /* RWTBaseEffect.h */,
				1FCD762D2127F748000617E1 /* RWTBaseEffect.m */,
				1FCD762E2127F748000617E1 /* RWTSimpleVertex.glsl */,
				1FCD76302127F748000617E1 /* RWTSimpleFragment.glsl */,
			);
			path = GLShade;
			sourceTree = "<group>";
		};
		1FCD763A21286808000617E1 /* OpenGLES3 */ = {
			isa = PBXGroup;
			children = (
				1FCD763B21286808000617E1 /* AppDelegate.h */,
				1FCD763C21286808000617E1 /* AppDelegate.m */,
				1FCD763E21286808000617E1 /* ViewController.h */,
				1FCD763F21286808000617E1 /* ViewController.m */,
				1FCD764121286808000617E1 /* Main.storyboard */,
				1FCD76442128680B000617E1 /* Assets.xcassets */,
				1FCD76462128680B000617E1 /* LaunchScreen.storyboard */,
				1FCD76492128680B000617E1 /* Info.plist */,
				1FCD764A2128680B000617E1 /* main.m */,
				1FCD765421286A21000617E1 /* DemoModel */,
			);
			path = OpenGLES3;
			sourceTree = "<group>";
		};
		1FCD765421286A21000617E1 /* DemoModel */ = {
			isa = PBXGroup;
			children = (
				1FCD765121286A1A000617E1 /* JJBaseEffect.h */,
				1FCD765221286A1A000617E1 /* JJBaseEffect.m */,
				1FCD765521286A63000617E1 /* JJVertex.h */,
				1FCD765621287317000617E1 /* JJSimpleVertex.glsl */,
				1FCD7657212873B0000617E1 /* JJSimpleFragment.glsl */,
			);
			name = DemoModel;
			path = "New Group";
			sourceTree = "<group>";
		};
		1FCD765F2128E969000617E1 /* OpenGLES4 */ = {
			isa = PBXGroup;
			children = (
				1FCD76602128E969000617E1 /* AppDelegate.h */,
				1FCD76612128E969000617E1 /* AppDelegate.m */,
				1FCD76632128E969000617E1 /* ViewController.h */,
				1FCD76642128E969000617E1 /* ViewController.m */,
				1FCD76802128FD6C000617E1 /* JJModel.h */,
				1FCD76812128FD6C000617E1 /* JJModel.m */,
				1FCD7683212901DE000617E1 /* JJSquare.h */,
				1FCD7684212901DE000617E1 /* JJSquare.m */,
				1FCD76662128E969000617E1 /* Main.storyboard */,
				1FCD76692128E96B000617E1 /* Assets.xcassets */,
				1FCD766B2128E96B000617E1 /* LaunchScreen.storyboard */,
				1FCD766E2128E96B000617E1 /* Info.plist */,
				1FCD766F2128E96B000617E1 /* main.m */,
				1FCD76792128EAE5000617E1 /* GLDemo */,
			);
			path = OpenGLES4;
			sourceTree = "<group>";
		};
		1FCD76792128EAE5000617E1 /* GLDemo */ = {
			isa = PBXGroup;
			children = (
				1FCD76762128EADF000617E1 /* JJBaseEffect.h */,
				1FCD76772128EADF000617E1 /* JJBaseEffect.m */,
				1FCD767B2128EB17000617E1 /* JJVertex.h */,
				1FCD767C2128F4A3000617E1 /* JJSimpleVertex.glsl */,
				1FCD767E2128F50C000617E1 /* JJSimpleFragment.glsl */,
			);
			name = GLDemo;
			path = "New Group";
			sourceTree = "<group>";
		};
		1FCD768B2129C9F7000617E1 /* OpenGLES5 */ = {
			isa = PBXGroup;
			children = (
				1FCD768C2129C9F7000617E1 /* AppDelegate.h */,
				1FCD768D2129C9F7000617E1 /* AppDelegate.m */,
				1FCD76AE212B14DD000617E1 /* BaseModels */,
				1FCD768F2129C9F7000617E1 /* ViewController.h */,
				1FCD76902129C9F7000617E1 /* ViewController.m */,
				1FCD76A52129CB46000617E1 /* BaseModel */,
				1FCD76922129C9F7000617E1 /* Main.storyboard */,
				1FCD76952129C9F9000617E1 /* Assets.xcassets */,
				1FCD76972129C9F9000617E1 /* LaunchScreen.storyboard */,
				1FCD769A2129C9F9000617E1 /* Info.plist */,
				1FCD769B2129C9F9000617E1 /* main.m */,
			);
			path = OpenGLES5;
			sourceTree = "<group>";
		};
		1FCD76A52129CB46000617E1 /* BaseModel */ = {
			isa = PBXGroup;
			children = (
				1FCD76A22129CB42000617E1 /* BaseEffect.h */,
				1FCD76A32129CB42000617E1 /* BaseEffect.m */,
				1FCD76A62129CB6B000617E1 /* BaseVertex.h */,
				1FCD76A72129D37D000617E1 /* BaseSimpleVertex.glsl */,
				1FCD76A92129D395000617E1 /* BaseSimpleFragment.glsl */,
			);
			path = BaseModel;
			sourceTree = "<group>";
		};
		1FCD76AE212B14DD000617E1 /* BaseModels */ = {
			isa = PBXGroup;
			children = (
				1FCD76AB212B14D6000617E1 /* BaseModel.h */,
				1FCD76AC212B14D6000617E1 /* BaseModel.m */,
				1FCD76AF212B18A6000617E1 /* BaseSquare.h */,
				1FCD76B0212B18A6000617E1 /* BaseSquare.m */,
				8440609D212BB7CD001267B5 /* BaseCube.h */,
				8440609E212BB7CD001267B5 /* BaseCube.m */,
			);
			path = BaseModels;
			sourceTree = "<group>";
		};
		84FD23282126CA4A00AE4CAF = {
			isa = PBXGroup;
			children = (
				84FD23332126CA4A00AE4CAF /* OpenGLES_Practice */,
				84FD23542126CB8B00AE4CAF /* OpenGLES2 */,
				1FCD763A21286808000617E1 /* OpenGLES3 */,
				1FCD765F2128E969000617E1 /* OpenGLES4 */,
				1FCD768B2129C9F7000617E1 /* OpenGLES5 */,
				1F313E82212C639800B1D96B /* OpenGLES6 */,
				84FD23322126CA4A00AE4CAF /* Products */,
				84FD234A2126CA7E00AE4CAF /* Frameworks */,
			);
			sourceTree = "<group>";
		};
		84FD23322126CA4A00AE4CAF /* Products */ = {
			isa = PBXGroup;
			children = (
				84FD23312126CA4A00AE4CAF /* OpenGLES1.app */,
				84FD23532126CB8B00AE4CAF /* OpenGLES2.app */,
				1FCD763921286808000617E1 /* OpenGLES3.app */,
				1FCD765E2128E969000617E1 /* OpenGLES4.app */,
				1FCD768A2129C9F7000617E1 /* OpenGLES5.app */,
				1F313E81212C639800B1D96B /* OpenGLES6.app */,
			);
			name = Products;
			sourceTree = "<group>";
		};
		84FD23332126CA4A00AE4CAF /* OpenGLES_Practice */ = {
			isa = PBXGroup;
			children = (
				84FD23342126CA4A00AE4CAF /* AppDelegate.h */,
				84FD23352126CA4A00AE4CAF /* AppDelegate.m */,
				84FD23372126CA4A00AE4CAF /* ViewController.h */,
				84FD23382126CA4A00AE4CAF /* ViewController.m */,
				84FD233A2126CA4A00AE4CAF /* Main.storyboard */,
				84FD233D2126CA5100AE4CAF /* Assets.xcassets */,
				84FD233F2126CA5100AE4CAF /* LaunchScreen.storyboard */,
				84FD23422126CA5100AE4CAF /* Info.plist */,
				84FD23432126CA5100AE4CAF /* main.m */,
			);
			path = OpenGLES_Practice;
			sourceTree = "<group>";
		};
		84FD234A2126CA7E00AE4CAF /* Frameworks */ = {
			isa = PBXGroup;
			children = (
				84FD234B2126CA7F00AE4CAF /* GLKit.framework */,
				84FD234C2126CA7F00AE4CAF /* OpenGLES.framework */,
			);
			name = Frameworks;
			sourceTree = "<group>";
		};
		84FD23542126CB8B00AE4CAF /* OpenGLES2 */ = {
			isa = PBXGroup;
			children = (
				1FCD762C2127F748000617E1 /* GLShade */,
				84FD23552126CB8B00AE4CAF /* AppDelegate.h */,
				84FD23562126CB8B00AE4CAF /* AppDelegate.m */,
				84FD23582126CB8B00AE4CAF /* ViewController.h */,
				84FD23592126CB8B00AE4CAF /* ViewController.m */,
				84FD235B2126CB8B00AE4CAF /* Main.storyboard */,
				84FD235E2126CB8F00AE4CAF /* Assets.xcassets */,
				84FD23602126CB8F00AE4CAF /* LaunchScreen.storyboard */,
				84FD23632126CB8F00AE4CAF /* Info.plist */,
				84FD23642126CB8F00AE4CAF /* main.m */,
			);
			path = OpenGLES2;
			sourceTree = "<group>";
		};
/* End PBXGroup section */

/* Begin PBXNativeTarget section */
		1F313E80212C639800B1D96B /* OpenGLES6 */ = {
			isa = PBXNativeTarget;
			buildConfigurationList = 1F313E96212C639800B1D96B /* Build configuration list for PBXNativeTarget "OpenGLES6" */;
			buildPhases = (
				1F313E7D212C639800B1D96B /* Sources */,
				1F313E7E212C639800B1D96B /* Frameworks */,
				1F313E7F212C639800B1D96B /* Resources */,
			);
			buildRules = (
			);
			dependencies = (
			);
			name = OpenGLES6;
			productName = OpenGLES6;
			productReference = 1F313E81212C639800B1D96B /* OpenGLES6.app */;
			productType = "com.apple.product-type.application";
		};
		1FCD763821286808000617E1 /* OpenGLES3 */ = {
			isa = PBXNativeTarget;
			buildConfigurationList = 1FCD764C2128680B000617E1 /* Build configuration list for PBXNativeTarget "OpenGLES3" */;
			buildPhases = (
				1FCD763521286808000617E1 /* Sources */,
				1FCD763621286808000617E1 /* Frameworks */,
				1FCD763721286808000617E1 /* Resources */,
			);
			buildRules = (
			);
			dependencies = (
			);
			name = OpenGLES3;
			productName = OpenGLES3;
			productReference = 1FCD763921286808000617E1 /* OpenGLES3.app */;
			productType = "com.apple.product-type.application";
		};
		1FCD765D2128E969000617E1 /* OpenGLES4 */ = {
			isa = PBXNativeTarget;
			buildConfigurationList = 1FCD76712128E96B000617E1 /* Build configuration list for PBXNativeTarget "OpenGLES4" */;
			buildPhases = (
				1FCD765A2128E969000617E1 /* Sources */,
				1FCD765B2128E969000617E1 /* Frameworks */,
				1FCD765C2128E969000617E1 /* Resources */,
			);
			buildRules = (
			);
			dependencies = (
			);
			name = OpenGLES4;
			productName = OpenGLES4;
			productReference = 1FCD765E2128E969000617E1 /* OpenGLES4.app */;
			productType = "com.apple.product-type.application";
		};
		1FCD76892129C9F7000617E1 /* OpenGLES5 */ = {
			isa = PBXNativeTarget;
			buildConfigurationList = 1FCD769D2129C9F9000617E1 /* Build configuration list for PBXNativeTarget "OpenGLES5" */;
			buildPhases = (
				1FCD76862129C9F7000617E1 /* Sources */,
				1FCD76872129C9F7000617E1 /* Frameworks */,
				1FCD76882129C9F7000617E1 /* Resources */,
			);
			buildRules = (
			);
			dependencies = (
			);
			name = OpenGLES5;
			productName = OpenGLES5;
			productReference = 1FCD768A2129C9F7000617E1 /* OpenGLES5.app */;
			productType = "com.apple.product-type.application";
		};
		84FD23302126CA4A00AE4CAF /* OpenGLES1 */ = {
			isa = PBXNativeTarget;
			buildConfigurationList = 84FD23472126CA5100AE4CAF /* Build configuration list for PBXNativeTarget "OpenGLES1" */;
			buildPhases = (
				84FD232D2126CA4A00AE4CAF /* Sources */,
				84FD232E2126CA4A00AE4CAF /* Frameworks */,
				84FD232F2126CA4A00AE4CAF /* Resources */,
			);
			buildRules = (
			);
			dependencies = (
			);
			name = OpenGLES1;
			productName = OpenGLES_Practice;
			productReference = 84FD23312126CA4A00AE4CAF /* OpenGLES1.app */;
			productType = "com.apple.product-type.application";
		};
		84FD23522126CB8B00AE4CAF /* OpenGLES2 */ = {
			isa = PBXNativeTarget;
			buildConfigurationList = 84FD23662126CB8F00AE4CAF /* Build configuration list for PBXNativeTarget "OpenGLES2" */;
			buildPhases = (
				84FD234F2126CB8B00AE4CAF /* Sources */,
				84FD23502126CB8B00AE4CAF /* Frameworks */,
				84FD23512126CB8B00AE4CAF /* Resources */,
			);
			buildRules = (
			);
			dependencies = (
			);
			name = OpenGLES2;
			productName = OpenGLES2;
			productReference = 84FD23532126CB8B00AE4CAF /* OpenGLES2.app */;
			productType = "com.apple.product-type.application";
		};
/* End PBXNativeTarget section */

/* Begin PBXProject section */
		84FD23292126CA4A00AE4CAF /* Project object */ = {
			isa = PBXProject;
			attributes = {
				LastUpgradeCheck = 0940;
				ORGANIZATIONNAME = Jacob;
				TargetAttributes = {
					1F313E80212C639800B1D96B = {
						CreatedOnToolsVersion = 9.4.1;
					};
					1FCD763821286808000617E1 = {
						CreatedOnToolsVersion = 9.4.1;
					};
					1FCD765D2128E969000617E1 = {
						CreatedOnToolsVersion = 9.4.1;
					};
					1FCD76892129C9F7000617E1 = {
						CreatedOnToolsVersion = 9.4.1;
					};
					84FD23302126CA4A00AE4CAF = {
						CreatedOnToolsVersion = 9.4.1;
					};
					84FD23522126CB8B00AE4CAF = {
						CreatedOnToolsVersion = 9.4.1;
					};
				};
			};
			buildConfigurationList = 84FD232C2126CA4A00AE4CAF /* Build configuration list for PBXProject "OpenGLES_Practice" */;
			compatibilityVersion = "Xcode 9.3";
			developmentRegion = en;
			hasScannedForEncodings = 0;
			knownRegions = (
				en,
				Base,
			);
			mainGroup = 84FD23282126CA4A00AE4CAF;
			productRefGroup = 84FD23322126CA4A00AE4CAF /* Products */;
			projectDirPath = "";
			projectRoot = "";
			targets = (
				84FD23302126CA4A00AE4CAF /* OpenGLES1 */,
				84FD23522126CB8B00AE4CAF /* OpenGLES2 */,
				1FCD763821286808000617E1 /* OpenGLES3 */,
				1FCD765D2128E969000617E1 /* OpenGLES4 */,
				1FCD76892129C9F7000617E1 /* OpenGLES5 */,
				1F313E80212C639800B1D96B /* OpenGLES6 */,
			);
		};
/* End PBXProject section */

/* Begin PBXResourcesBuildPhase section */
		1F313E7F212C639800B1D96B /* Resources */ = {
			isa = PBXResourcesBuildPhase;
			buildActionMask = 2147483647;
			files = (
				1F313EA2212C6AB600B1D96B /* JJBaseSimpleFragment.glsl in Resources */,
				1F313E90212C639800B1D96B /* LaunchScreen.storyboard in Resources */,
				1F313E8D212C639800B1D96B /* Assets.xcassets in Resources */,
				1F313EA0212C6A0500B1D96B /* JJBaseSimpleVertex.glsl in Resources */,
				1F313E8B212C639800B1D96B /* Main.storyboard in Resources */,
			);
			runOnlyForDeploymentPostprocessing = 0;
		};
		1FCD763721286808000617E1 /* Resources */ = {
			isa = PBXResourcesBuildPhase;
			buildActionMask = 2147483647;
			files = (
				1FCD76482128680B000617E1 /* LaunchScreen.storyboard in Resources */,
				1FCD76452128680B000617E1 /* Assets.xcassets in Resources */,
				1FCD7659212878CE000617E1 /* JJSimpleFragment.glsl in Resources */,
				1FCD764321286808000617E1 /* Main.storyboard in Resources */,
				1FCD7658212878CB000617E1 /* JJSimpleVertex.glsl in Resources */,
			);
			runOnlyForDeploymentPostprocessing = 0;
		};
		1FCD765C2128E969000617E1 /* Resources */ = {
			isa = PBXResourcesBuildPhase;
			buildActionMask = 2147483647;
			files = (
				1FCD766D2128E96B000617E1 /* LaunchScreen.storyboard in Resources */,
				1FCD766A2128E96B000617E1 /* Assets.xcassets in Resources */,
				1FCD767F2128F50C000617E1 /* JJSimpleFragment.glsl in Resources */,
				1FCD767D2128F4A3000617E1 /* JJSimpleVertex.glsl in Resources */,
				1FCD76682128E969000617E1 /* Main.storyboard in Resources */,
			);
			runOnlyForDeploymentPostprocessing = 0;
		};
		1FCD76882129C9F7000617E1 /* Resources */ = {
			isa = PBXResourcesBuildPhase;
			buildActionMask = 2147483647;
			files = (
				1FCD76A82129D37D000617E1 /* BaseSimpleVertex.glsl in Resources */,
				1FCD76992129C9F9000617E1 /* LaunchScreen.storyboard in Resources */,
				1FCD76962129C9F9000617E1 /* Assets.xcassets in Resources */,
				1FCD76942129C9F7000617E1 /* Main.storyboard in Resources */,
				1FCD76AA2129D395000617E1 /* BaseSimpleFragment.glsl in Resources */,
			);
			runOnlyForDeploymentPostprocessing = 0;
		};
		84FD232F2126CA4A00AE4CAF /* Resources */ = {
			isa = PBXResourcesBuildPhase;
			buildActionMask = 2147483647;
			files = (
				84FD23412126CA5100AE4CAF /* LaunchScreen.storyboard in Resources */,
				84FD233E2126CA5100AE4CAF /* Assets.xcassets in Resources */,
				84FD233C2126CA4A00AE4CAF /* Main.storyboard in Resources */,
			);
			runOnlyForDeploymentPostprocessing = 0;
		};
		84FD23512126CB8B00AE4CAF /* Resources */ = {
			isa = PBXResourcesBuildPhase;
			buildActionMask = 2147483647;
			files = (
				84FD23622126CB8F00AE4CAF /* LaunchScreen.storyboard in Resources */,
				1FCD76322127F749000617E1 /* RWTSimpleVertex.glsl in Resources */,
				1FCD76332127F749000617E1 /* RWTSimpleFragment.glsl in Resources */,
				84FD235F2126CB8F00AE4CAF /* Assets.xcassets in Resources */,
				84FD235D2126CB8B00AE4CAF /* Main.storyboard in Resources */,
			);
			runOnlyForDeploymentPostprocessing = 0;
		};
/* End PBXResourcesBuildPhase section */

/* Begin PBXSourcesBuildPhase section */
		1F313E7D212C639800B1D96B /* Sources */ = {
			isa = PBXSourcesBuildPhase;
			buildActionMask = 2147483647;
			files = (
				84EC3637212D0CF60029FC04 /* JJBaseCube.m in Sources */,
				1F313E88212C639800B1D96B /* ViewController.m in Sources */,
				1F313EA9212C6FA000B1D96B /* JJBaseSquare.m in Sources */,
				1F313E9B212C64F400B1D96B /* JJBaseEffect.m in Sources */,
				1F313EA5212C6B5600B1D96B /* JJBaseModel.m in Sources */,
				1F313E93212C639800B1D96B /* main.m in Sources */,
				1F313E85212C639800B1D96B /* AppDelegate.m in Sources */,
			);
			runOnlyForDeploymentPostprocessing = 0;
		};
		1FCD763521286808000617E1 /* Sources */ = {
			isa = PBXSourcesBuildPhase;
			buildActionMask = 2147483647;
			files = (
				1FCD764021286808000617E1 /* ViewController.m in Sources */,
				1FCD765321286A1A000617E1 /* JJBaseEffect.m in Sources */,
				1FCD764B2128680B000617E1 /* main.m in Sources */,
				1FCD763D21286808000617E1 /* AppDelegate.m in Sources */,
			);
			runOnlyForDeploymentPostprocessing = 0;
		};
		1FCD765A2128E969000617E1 /* Sources */ = {
			isa = PBXSourcesBuildPhase;
			buildActionMask = 2147483647;
			files = (
				1FCD7685212901DE000617E1 /* JJSquare.m in Sources */,
				1FCD76652128E969000617E1 /* ViewController.m in Sources */,
				1FCD76782128EADF000617E1 /* JJBaseEffect.m in Sources */,
				1FCD76822128FD6C000617E1 /* JJModel.m in Sources */,
				1FCD76702128E96B000617E1 /* main.m in Sources */,
				1FCD76622128E969000617E1 /* AppDelegate.m in Sources */,
			);
			runOnlyForDeploymentPostprocessing = 0;
		};
		1FCD76862129C9F7000617E1 /* Sources */ = {
			isa = PBXSourcesBuildPhase;
			buildActionMask = 2147483647;
			files = (
				1FCD76912129C9F7000617E1 /* ViewController.m in Sources */,
				1FCD769C2129C9F9000617E1 /* main.m in Sources */,
				1FCD768E2129C9F7000617E1 /* AppDelegate.m in Sources */,
				1FCD76B1212B18A6000617E1 /* BaseSquare.m in Sources */,
				8440609F212BB7CE001267B5 /* BaseCube.m in Sources */,
				1FCD76AD212B14D6000617E1 /* BaseModel.m in Sources */,
				1FCD76A42129CB42000617E1 /* BaseEffect.m in Sources */,
			);
			runOnlyForDeploymentPostprocessing = 0;
		};
		84FD232D2126CA4A00AE4CAF /* Sources */ = {
			isa = PBXSourcesBuildPhase;
			buildActionMask = 2147483647;
			files = (
				84FD23392126CA4A00AE4CAF /* ViewController.m in Sources */,
				84FD23442126CA5100AE4CAF /* main.m in Sources */,
				84FD23362126CA4A00AE4CAF /* AppDelegate.m in Sources */,
			);
			runOnlyForDeploymentPostprocessing = 0;
		};
		84FD234F2126CB8B00AE4CAF /* Sources */ = {
			isa = PBXSourcesBuildPhase;
			buildActionMask = 2147483647;
			files = (
				84FD235A2126CB8B00AE4CAF /* ViewController.m in Sources */,
				84FD23652126CB8F00AE4CAF /* main.m in Sources */,
				84FD23572126CB8B00AE4CAF /* AppDelegate.m in Sources */,
				1FCD76312127F749000617E1 /* RWTBaseEffect.m in Sources */,
			);
			runOnlyForDeploymentPostprocessing = 0;
		};
/* End PBXSourcesBuildPhase section */

/* Begin PBXVariantGroup section */
		1F313E89212C639800B1D96B /* Main.storyboard */ = {
			isa = PBXVariantGroup;
			children = (
				1F313E8A212C639800B1D96B /* Base */,
			);
			name = Main.storyboard;
			sourceTree = "<group>";
		};
		1F313E8E212C639800B1D96B /* LaunchScreen.storyboard */ = {
			isa = PBXVariantGroup;
			children = (
				1F313E8F212C639800B1D96B /* Base */,
			);
			name = LaunchScreen.storyboard;
			sourceTree = "<group>";
		};
		1FCD764121286808000617E1 /* Main.storyboard */ = {
			isa = PBXVariantGroup;
			children = (
				1FCD764221286808000617E1 /* Base */,
			);
			name = Main.storyboard;
			sourceTree = "<group>";
		};
		1FCD76462128680B000617E1 /* LaunchScreen.storyboard */ = {
			isa = PBXVariantGroup;
			children = (
				1FCD76472128680B000617E1 /* Base */,
			);
			name = LaunchScreen.storyboard;
			sourceTree = "<group>";
		};
		1FCD76662128E969000617E1 /* Main.storyboard */ = {
			isa = PBXVariantGroup;
			children = (
				1FCD76672128E969000617E1 /* Base */,
			);
			name = Main.storyboard;
			sourceTree = "<group>";
		};
		1FCD766B2128E96B000617E1 /* LaunchScreen.storyboard */ = {
			isa = PBXVariantGroup;
			children = (
				1FCD766C2128E96B000617E1 /* Base */,
			);
			name = LaunchScreen.storyboard;
			sourceTree = "<group>";
		};
		1FCD76922129C9F7000617E1 /* Main.storyboard */ = {
			isa = PBXVariantGroup;
			children = (
				1FCD76932129C9F7000617E1 /* Base */,
			);
			name = Main.storyboard;
			sourceTree = "<group>";
		};
		1FCD76972129C9F9000617E1 /* LaunchScreen.storyboard */ = {
			isa = PBXVariantGroup;
			children = (
				1FCD76982129C9F9000617E1 /* Base */,
			);
			name = LaunchScreen.storyboard;
			sourceTree = "<group>";
		};
		84FD233A2126CA4A00AE4CAF /* Main.storyboard */ = {
			isa = PBXVariantGroup;
			children = (
				84FD233B2126CA4A00AE4CAF /* Base */,
			);
			name = Main.storyboard;
			sourceTree = "<group>";
		};
		84FD233F2126CA5100AE4CAF /* LaunchScreen.storyboard */ = {
			isa = PBXVariantGroup;
			children = (
				84FD23402126CA5100AE4CAF /* Base */,
			);
			name = LaunchScreen.storyboard;
			sourceTree = "<group>";
		};
		84FD235B2126CB8B00AE4CAF /* Main.storyboard */ = {
			isa = PBXVariantGroup;
			children = (
				84FD235C2126CB8B00AE4CAF /* Base */,
			);
			name = Main.storyboard;
			sourceTree = "<group>";
		};
		84FD23602126CB8F00AE4CAF /* LaunchScreen.storyboard */ = {
			isa = PBXVariantGroup;
			children = (
				84FD23612126CB8F00AE4CAF /* Base */,
			);
			name = LaunchScreen.storyboard;
			sourceTree = "<group>";
		};
/* End PBXVariantGroup section */

/* Begin XCBuildConfiguration section */
		1F313E94212C639800B1D96B /* Debug */ = {
			isa = XCBuildConfiguration;
			buildSettings = {
				ASSETCATALOG_COMPILER_APPICON_NAME = AppIcon;
				CODE_SIGN_STYLE = Manual;
				DEVELOPMENT_TEAM = 5D7TV84WEN;
				INFOPLIST_FILE = OpenGLES6/Info.plist;
				IPHONEOS_DEPLOYMENT_TARGET = 8.0;
				LD_RUNPATH_SEARCH_PATHS = (
					"$(inherited)",
					"@executable_path/Frameworks",
				);
				PRODUCT_BUNDLE_IDENTIFIER = "com.wildcard.opengles-practice6";
				PRODUCT_NAME = "$(TARGET_NAME)";
				PROVISIONING_PROFILE = "e033ff45-5d59-4468-b1d0-701630b2c8c7";
				PROVISIONING_PROFILE_SPECIFIER = Wildcard;
				TARGETED_DEVICE_FAMILY = "1,2";
			};
			name = Debug;
		};
		1F313E95212C639800B1D96B /* Release */ = {
			isa = XCBuildConfiguration;
			buildSettings = {
				ASSETCATALOG_COMPILER_APPICON_NAME = AppIcon;
				CODE_SIGN_STYLE = Manual;
				DEVELOPMENT_TEAM = 5D7TV84WEN;
				INFOPLIST_FILE = OpenGLES6/Info.plist;
				IPHONEOS_DEPLOYMENT_TARGET = 8.0;
				LD_RUNPATH_SEARCH_PATHS = (
					"$(inherited)",
					"@executable_path/Frameworks",
				);
				PRODUCT_BUNDLE_IDENTIFIER = "com.wildcard.opengles-practice6";
				PRODUCT_NAME = "$(TARGET_NAME)";
				PROVISIONING_PROFILE = "e033ff45-5d59-4468-b1d0-701630b2c8c7";
				PROVISIONING_PROFILE_SPECIFIER = Wildcard;
				TARGETED_DEVICE_FAMILY = "1,2";
			};
			name = Release;
		};
		1FCD764D2128680B000617E1 /* Debug */ = {
			isa = XCBuildConfiguration;
			buildSettings = {
				ASSETCATALOG_COMPILER_APPICON_NAME = AppIcon;
				CODE_SIGN_STYLE = Manual;
				DEVELOPMENT_TEAM = 5D7TV84WEN;
				INFOPLIST_FILE = OpenGLES3/Info.plist;
				IPHONEOS_DEPLOYMENT_TARGET = 8.0;
				LD_RUNPATH_SEARCH_PATHS = (
					"$(inherited)",
					"@executable_path/Frameworks",
				);
				PRODUCT_BUNDLE_IDENTIFIER = "com.wildcard.opengles-practice3";
				PRODUCT_NAME = "$(TARGET_NAME)";
				PROVISIONING_PROFILE = "e033ff45-5d59-4468-b1d0-701630b2c8c7";
				PROVISIONING_PROFILE_SPECIFIER = Wildcard;
				TARGETED_DEVICE_FAMILY = "1,2";
			};
			name = Debug;
		};
		1FCD764E2128680B000617E1 /* Release */ = {
			isa = XCBuildConfiguration;
			buildSettings = {
				ASSETCATALOG_COMPILER_APPICON_NAME = AppIcon;
				CODE_SIGN_STYLE = Manual;
				DEVELOPMENT_TEAM = 5D7TV84WEN;
				INFOPLIST_FILE = OpenGLES3/Info.plist;
				IPHONEOS_DEPLOYMENT_TARGET = 8.0;
				LD_RUNPATH_SEARCH_PATHS = (
					"$(inherited)",
					"@executable_path/Frameworks",
				);
				PRODUCT_BUNDLE_IDENTIFIER = "com.wildcard.opengles-practice3";
				PRODUCT_NAME = "$(TARGET_NAME)";
				PROVISIONING_PROFILE = "e033ff45-5d59-4468-b1d0-701630b2c8c7";
				PROVISIONING_PROFILE_SPECIFIER = Wildcard;
				TARGETED_DEVICE_FAMILY = "1,2";
			};
			name = Release;
		};
		1FCD76722128E96B000617E1 /* Debug */ = {
			isa = XCBuildConfiguration;
			buildSettings = {
				ASSETCATALOG_COMPILER_APPICON_NAME = AppIcon;
				CODE_SIGN_STYLE = Manual;
				DEVELOPMENT_TEAM = 5D7TV84WEN;
				INFOPLIST_FILE = OpenGLES4/Info.plist;
				IPHONEOS_DEPLOYMENT_TARGET = 8.0;
				LD_RUNPATH_SEARCH_PATHS = (
					"$(inherited)",
					"@executable_path/Frameworks",
				);
				PRODUCT_BUNDLE_IDENTIFIER = "com.wildcard.opengles-practice4";
				PRODUCT_NAME = "$(TARGET_NAME)";
				PROVISIONING_PROFILE = "e033ff45-5d59-4468-b1d0-701630b2c8c7";
				PROVISIONING_PROFILE_SPECIFIER = Wildcard;
				TARGETED_DEVICE_FAMILY = "1,2";
			};
			name = Debug;
		};
		1FCD76732128E96B000617E1 /* Release */ = {
			isa = XCBuildConfiguration;
			buildSettings = {
				ASSETCATALOG_COMPILER_APPICON_NAME = AppIcon;
				CODE_SIGN_STYLE = Manual;
				DEVELOPMENT_TEAM = 5D7TV84WEN;
				INFOPLIST_FILE = OpenGLES4/Info.plist;
				IPHONEOS_DEPLOYMENT_TARGET = 8.0;
				LD_RUNPATH_SEARCH_PATHS = (
					"$(inherited)",
					"@executable_path/Frameworks",
				);
				PRODUCT_BUNDLE_IDENTIFIER = "com.wildcard.opengles-practice4";
				PRODUCT_NAME = "$(TARGET_NAME)";
				PROVISIONING_PROFILE = "e033ff45-5d59-4468-b1d0-701630b2c8c7";
				PROVISIONING_PROFILE_SPECIFIER = Wildcard;
				TARGETED_DEVICE_FAMILY = "1,2";
			};
			name = Release;
		};
		1FCD769E2129C9F9000617E1 /* Debug */ = {
			isa = XCBuildConfiguration;
			buildSettings = {
				ASSETCATALOG_COMPILER_APPICON_NAME = AppIcon;
				CODE_SIGN_STYLE = Manual;
				DEVELOPMENT_TEAM = 5D7TV84WEN;
				INFOPLIST_FILE = OpenGLES5/Info.plist;
				IPHONEOS_DEPLOYMENT_TARGET = 8.0;
				LD_RUNPATH_SEARCH_PATHS = (
					"$(inherited)",
					"@executable_path/Frameworks",
				);
				PRODUCT_BUNDLE_IDENTIFIER = "com.wildcard.opengles-practice5";
				PRODUCT_NAME = "$(TARGET_NAME)";
				PROVISIONING_PROFILE = "e033ff45-5d59-4468-b1d0-701630b2c8c7";
				PROVISIONING_PROFILE_SPECIFIER = Wildcard;
				TARGETED_DEVICE_FAMILY = "1,2";
			};
			name = Debug;
		};
		1FCD769F2129C9F9000617E1 /* Release */ = {
			isa = XCBuildConfiguration;
			buildSettings = {
				ASSETCATALOG_COMPILER_APPICON_NAME = AppIcon;
				CODE_SIGN_STYLE = Manual;
				DEVELOPMENT_TEAM = 5D7TV84WEN;
				INFOPLIST_FILE = OpenGLES5/Info.plist;
				IPHONEOS_DEPLOYMENT_TARGET = 8.0;
				LD_RUNPATH_SEARCH_PATHS = (
					"$(inherited)",
					"@executable_path/Frameworks",
				);
				PRODUCT_BUNDLE_IDENTIFIER = "com.wildcard.opengles-practice5";
				PRODUCT_NAME = "$(TARGET_NAME)";
				PROVISIONING_PROFILE = "e033ff45-5d59-4468-b1d0-701630b2c8c7";
				PROVISIONING_PROFILE_SPECIFIER = Wildcard;
				TARGETED_DEVICE_FAMILY = "1,2";
			};
			name = Release;
		};
		84FD23452126CA5100AE4CAF /* Debug */ = {
			isa = XCBuildConfiguration;
			buildSettings = {
				ALWAYS_SEARCH_USER_PATHS = NO;
				CLANG_ANALYZER_NONNULL = YES;
				CLANG_ANALYZER_NUMBER_OBJECT_CONVERSION = YES_AGGRESSIVE;
				CLANG_CXX_LANGUAGE_STANDARD = "gnu++14";
				CLANG_CXX_LIBRARY = "libc++";
				CLANG_ENABLE_MODULES = YES;
				CLANG_ENABLE_OBJC_ARC = YES;
				CLANG_ENABLE_OBJC_WEAK = YES;
				CLANG_WARN_BLOCK_CAPTURE_AUTORELEASING = YES;
				CLANG_WARN_BOOL_CONVERSION = YES;
				CLANG_WARN_COMMA = YES;
				CLANG_WARN_CONSTANT_CONVERSION = YES;
				CLANG_WARN_DEPRECATED_OBJC_IMPLEMENTATIONS = YES;
				CLANG_WARN_DIRECT_OBJC_ISA_USAGE = YES_ERROR;
				CLANG_WARN_DOCUMENTATION_COMMENTS = YES;
				CLANG_WARN_EMPTY_BODY = YES;
				CLANG_WARN_ENUM_CONVERSION = YES;
				CLANG_WARN_INFINITE_RECURSION = YES;
				CLANG_WARN_INT_CONVERSION = YES;
				CLANG_WARN_NON_LITERAL_NULL_CONVERSION = YES;
				CLANG_WARN_OBJC_IMPLICIT_RETAIN_SELF = YES;
				CLANG_WARN_OBJC_LITERAL_CONVERSION = YES;
				CLANG_WARN_OBJC_ROOT_CLASS = YES_ERROR;
				CLANG_WARN_RANGE_LOOP_ANALYSIS = YES;
				CLANG_WARN_STRICT_PROTOTYPES = YES;
				CLANG_WARN_SUSPICIOUS_MOVE = YES;
				CLANG_WARN_UNGUARDED_AVAILABILITY = YES_AGGRESSIVE;
				CLANG_WARN_UNREACHABLE_CODE = YES;
				CLANG_WARN__DUPLICATE_METHOD_MATCH = YES;
				CODE_SIGN_IDENTITY = "iPhone Developer";
				COPY_PHASE_STRIP = NO;
				DEBUG_INFORMATION_FORMAT = dwarf;
				ENABLE_STRICT_OBJC_MSGSEND = YES;
				ENABLE_TESTABILITY = YES;
				GCC_C_LANGUAGE_STANDARD = gnu11;
				GCC_DYNAMIC_NO_PIC = NO;
				GCC_NO_COMMON_BLOCKS = YES;
				GCC_OPTIMIZATION_LEVEL = 0;
				GCC_PREPROCESSOR_DEFINITIONS = (
					"DEBUG=1",
					"$(inherited)",
				);
				GCC_WARN_64_TO_32_BIT_CONVERSION = YES;
				GCC_WARN_ABOUT_RETURN_TYPE = YES_ERROR;
				GCC_WARN_UNDECLARED_SELECTOR = YES;
				GCC_WARN_UNINITIALIZED_AUTOS = YES_AGGRESSIVE;
				GCC_WARN_UNUSED_FUNCTION = YES;
				GCC_WARN_UNUSED_VARIABLE = YES;
				IPHONEOS_DEPLOYMENT_TARGET = 8.0;
				MTL_ENABLE_DEBUG_INFO = YES;
				ONLY_ACTIVE_ARCH = YES;
				SDKROOT = iphoneos;
			};
			name = Debug;
		};
		84FD23462126CA5100AE4CAF /* Release */ = {
			isa = XCBuildConfiguration;
			buildSettings = {
				ALWAYS_SEARCH_USER_PATHS = NO;
				CLANG_ANALYZER_NONNULL = YES;
				CLANG_ANALYZER_NUMBER_OBJECT_CONVERSION = YES_AGGRESSIVE;
				CLANG_CXX_LANGUAGE_STANDARD = "gnu++14";
				CLANG_CXX_LIBRARY = "libc++";
				CLANG_ENABLE_MODULES = YES;
				CLANG_ENABLE_OBJC_ARC = YES;
				CLANG_ENABLE_OBJC_WEAK = YES;
				CLANG_WARN_BLOCK_CAPTURE_AUTORELEASING = YES;
				CLANG_WARN_BOOL_CONVERSION = YES;
				CLANG_WARN_COMMA = YES;
				CLANG_WARN_CONSTANT_CONVERSION = YES;
				CLANG_WARN_DEPRECATED_OBJC_IMPLEMENTATIONS = YES;
				CLANG_WARN_DIRECT_OBJC_ISA_USAGE = YES_ERROR;
				CLANG_WARN_DOCUMENTATION_COMMENTS = YES;
				CLANG_WARN_EMPTY_BODY = YES;
				CLANG_WARN_ENUM_CONVERSION = YES;
				CLANG_WARN_INFINITE_RECURSION = YES;
				CLANG_WARN_INT_CONVERSION = YES;
				CLANG_WARN_NON_LITERAL_NULL_CONVERSION = YES;
				CLANG_WARN_OBJC_IMPLICIT_RETAIN_SELF = YES;
				CLANG_WARN_OBJC_LITERAL_CONVERSION = YES;
				CLANG_WARN_OBJC_ROOT_CLASS = YES_ERROR;
				CLANG_WARN_RANGE_LOOP_ANALYSIS = YES;
				CLANG_WARN_STRICT_PROTOTYPES = YES;
				CLANG_WARN_SUSPICIOUS_MOVE = YES;
				CLANG_WARN_UNGUARDED_AVAILABILITY = YES_AGGRESSIVE;
				CLANG_WARN_UNREACHABLE_CODE = YES;
				CLANG_WARN__DUPLICATE_METHOD_MATCH = YES;
				CODE_SIGN_IDENTITY = "iPhone Developer";
				COPY_PHASE_STRIP = NO;
				DEBUG_INFORMATION_FORMAT = "dwarf-with-dsym";
				ENABLE_NS_ASSERTIONS = NO;
				ENABLE_STRICT_OBJC_MSGSEND = YES;
				GCC_C_LANGUAGE_STANDARD = gnu11;
				GCC_NO_COMMON_BLOCKS = YES;
				GCC_WARN_64_TO_32_BIT_CONVERSION = YES;
				GCC_WARN_ABOUT_RETURN_TYPE = YES_ERROR;
				GCC_WARN_UNDECLARED_SELECTOR = YES;
				GCC_WARN_UNINITIALIZED_AUTOS = YES_AGGRESSIVE;
				GCC_WARN_UNUSED_FUNCTION = YES;
				GCC_WARN_UNUSED_VARIABLE = YES;
				IPHONEOS_DEPLOYMENT_TARGET = 8.0;
				MTL_ENABLE_DEBUG_INFO = NO;
				SDKROOT = iphoneos;
				VALIDATE_PRODUCT = YES;
			};
			name = Release;
		};
		84FD23482126CA5100AE4CAF /* Debug */ = {
			isa = XCBuildConfiguration;
			buildSettings = {
				ASSETCATALOG_COMPILER_APPICON_NAME = AppIcon;
				CODE_SIGN_STYLE = Manual;
				DEVELOPMENT_TEAM = 5D7TV84WEN;
				INFOPLIST_FILE = OpenGLES_Practice/Info.plist;
				IPHONEOS_DEPLOYMENT_TARGET = 8.0;
				LD_RUNPATH_SEARCH_PATHS = (
					"$(inherited)",
					"@executable_path/Frameworks",
				);
				PRODUCT_BUNDLE_IDENTIFIER = "com.wildcard.opengles-practice1";
				PRODUCT_NAME = "$(TARGET_NAME)";
				PROVISIONING_PROFILE = "e033ff45-5d59-4468-b1d0-701630b2c8c7";
				PROVISIONING_PROFILE_SPECIFIER = Wildcard;
				TARGETED_DEVICE_FAMILY = "1,2";
			};
			name = Debug;
		};
		84FD23492126CA5100AE4CAF /* Release */ = {
			isa = XCBuildConfiguration;
			buildSettings = {
				ASSETCATALOG_COMPILER_APPICON_NAME = AppIcon;
				CODE_SIGN_STYLE = Manual;
				DEVELOPMENT_TEAM = 5D7TV84WEN;
				INFOPLIST_FILE = OpenGLES_Practice/Info.plist;
				IPHONEOS_DEPLOYMENT_TARGET = 8.0;
				LD_RUNPATH_SEARCH_PATHS = (
					"$(inherited)",
					"@executable_path/Frameworks",
				);
				PRODUCT_BUNDLE_IDENTIFIER = "com.wildcard.opengles-practice1";
				PRODUCT_NAME = "$(TARGET_NAME)";
				PROVISIONING_PROFILE = "e033ff45-5d59-4468-b1d0-701630b2c8c7";
				PROVISIONING_PROFILE_SPECIFIER = Wildcard;
				TARGETED_DEVICE_FAMILY = "1,2";
			};
			name = Release;
		};
		84FD23672126CB8F00AE4CAF /* Debug */ = {
			isa = XCBuildConfiguration;
			buildSettings = {
				ASSETCATALOG_COMPILER_APPICON_NAME = AppIcon;
				CODE_SIGN_STYLE = Manual;
				DEVELOPMENT_TEAM = 5D7TV84WEN;
				INFOPLIST_FILE = OpenGLES2/Info.plist;
				IPHONEOS_DEPLOYMENT_TARGET = 8.0;
				LD_RUNPATH_SEARCH_PATHS = (
					"$(inherited)",
					"@executable_path/Frameworks",
				);
				PRODUCT_BUNDLE_IDENTIFIER = "com.wildcard.opengles-practice2";
				PRODUCT_NAME = "$(TARGET_NAME)";
				PROVISIONING_PROFILE = "e033ff45-5d59-4468-b1d0-701630b2c8c7";
				PROVISIONING_PROFILE_SPECIFIER = Wildcard;
				TARGETED_DEVICE_FAMILY = "1,2";
			};
			name = Debug;
		};
		84FD23682126CB8F00AE4CAF /* Release */ = {
			isa = XCBuildConfiguration;
			buildSettings = {
				ASSETCATALOG_COMPILER_APPICON_NAME = AppIcon;
				CODE_SIGN_STYLE = Manual;
				DEVELOPMENT_TEAM = 5D7TV84WEN;
				INFOPLIST_FILE = OpenGLES2/Info.plist;
				IPHONEOS_DEPLOYMENT_TARGET = 8.0;
				LD_RUNPATH_SEARCH_PATHS = (
					"$(inherited)",
					"@executable_path/Frameworks",
				);
				PRODUCT_BUNDLE_IDENTIFIER = "com.wildcard.opengles-practice2";
				PRODUCT_NAME = "$(TARGET_NAME)";
				PROVISIONING_PROFILE = "e033ff45-5d59-4468-b1d0-701630b2c8c7";
				PROVISIONING_PROFILE_SPECIFIER = Wildcard;
				TARGETED_DEVICE_FAMILY = "1,2";
			};
			name = Release;
		};
/* End XCBuildConfiguration section */

/* Begin XCConfigurationList section */
		1F313E96212C639800B1D96B /* Build configuration list for PBXNativeTarget "OpenGLES6" */ = {
			isa = XCConfigurationList;
			buildConfigurations = (
				1F313E94212C639800B1D96B /* Debug */,
				1F313E95212C639800B1D96B /* Release */,
			);
			defaultConfigurationIsVisible = 0;
			defaultConfigurationName = Release;
		};
		1FCD764C2128680B000617E1 /* Build configuration list for PBXNativeTarget "OpenGLES3" */ = {
			isa = XCConfigurationList;
			buildConfigurations = (
				1FCD764D2128680B000617E1 /* Debug */,
				1FCD764E2128680B000617E1 /* Release */,
			);
			defaultConfigurationIsVisible = 0;
			defaultConfigurationName = Release;
		};
		1FCD76712128E96B000617E1 /* Build configuration list for PBXNativeTarget "OpenGLES4" */ = {
			isa = XCConfigurationList;
			buildConfigurations = (
				1FCD76722128E96B000617E1 /* Debug */,
				1FCD76732128E96B000617E1 /* Release */,
			);
			defaultConfigurationIsVisible = 0;
			defaultConfigurationName = Release;
		};
		1FCD769D2129C9F9000617E1 /* Build configuration list for PBXNativeTarget "OpenGLES5" */ = {
			isa = XCConfigurationList;
			buildConfigurations = (
				1FCD769E2129C9F9000617E1 /* Debug */,
				1FCD769F2129C9F9000617E1 /* Release */,
			);
			defaultConfigurationIsVisible = 0;
			defaultConfigurationName = Release;
		};
		84FD232C2126CA4A00AE4CAF /* Build configuration list for PBXProject "OpenGLES_Practice" */ = {
			isa = XCConfigurationList;
			buildConfigurations = (
				84FD23452126CA5100AE4CAF /* Debug */,
				84FD23462126CA5100AE4CAF /* Release */,
			);
			defaultConfigurationIsVisible = 0;
			defaultConfigurationName = Release;
		};
		84FD23472126CA5100AE4CAF /* Build configuration list for PBXNativeTarget "OpenGLES1" */ = {
			isa = XCConfigurationList;
			buildConfigurations = (
				84FD23482126CA5100AE4CAF /* Debug */,
				84FD23492126CA5100AE4CAF /* Release */,
			);
			defaultConfigurationIsVisible = 0;
			defaultConfigurationName = Release;
		};
		84FD23662126CB8F00AE4CAF /* Build configuration list for PBXNativeTarget "OpenGLES2" */ = {
			isa = XCConfigurationList;
			buildConfigurations = (
				84FD23672126CB8F00AE4CAF /* Debug */,
				84FD23682126CB8F00AE4CAF /* Release */,
			);
			defaultConfigurationIsVisible = 0;
			defaultConfigurationName = Release;
		};
/* End XCConfigurationList section */
	};
	rootObject = 84FD23292126CA4A00AE4CAF /* Project object */;
}
